{
  "version": 4,
  "terraform_version": "1.1.5",
  "serial": 349,
  "lineage": "fad5a1a0-ffc1-940d-2ee1-56139c51c57c",
  "outputs": {},
  "resources": [
    {
      "mode": "managed",
      "type": "azurerm_linux_virtual_machine",
      "name": "myVM",
      "provider": "provider[\"registry.terraform.io/hashicorp/azurerm\"]",
      "instances": [
        {
          "index_key": 0,
          "schema_version": 0,
          "attributes": {
            "additional_capabilities": [],
            "admin_password": null,
            "admin_ssh_key": [
              {
                "public_key": "ssh-rsa AAAAB3NzaC1yc2EAAAADAQABAAACAQC497GjnKq0nWzGARP2ViQnd+E4ZvLMamCzVG6kqbhdMiHQlpP0hbecvOpbn9wFIbs7ls4pnl22niLovjIb65qo/6FGzHYVNR8QbnREgEBPxJ0sf+pgVO2l+JQlLZEWwhIVUZb4C8Fuu++9VsKJuIHHQpk03YZkHHimwQkD8CPTnNGnr78GhD+aBLP1Wy8oB8sYJ0ua5BLGGkeRXWbpkIvVCoLTV5pYPZoGzbENmYq5HXT0uesNZoLB3L3B1X9dFPiMCc4b9e8xE3VHCVdkkOjNhaxZwr3VAha6l3Le2t/CWzIwbptfChROEcHQfd2OtkWqM988/vQbs5p6o0nHkUe8taEuldXyyxv4hROsn3QgXdU1MgymDXcaSi5vFHplCgYEt0O+dX0n8HW8zUKCS11i964EKuplSAflWoUw+bffXmo+fauIkVrsHnxv2w3zGzDGDlN69lI2+7pzbA4ZGai8FipzygpyPvtjKl6qK2A7cclzyroLIgkPgNzBXPUbTW/9eOrepCgouSzYMG6KaYuT2LmTb4HpzYw2Lpaha5q9x0cd7tDPGubvFr4usT48nUiRqJqA8MVkpWAx5Y3pmNI13RA354MxkCArHotYWKzsIT6RbbMhXWGpgn4xewpPxjD1JrcF268nuHMLYSRZd9A9Em37M48x0qv4vBPSFSkVdQ== alvaro@alvaropc\n",
                "username": "adminUsername"
              }
            ],
            "admin_username": "adminUsername",
            "allow_extension_operations": true,
            "availability_set_id": "",
            "boot_diagnostics": [
              {
                "storage_account_uri": "https://storageaccs2master.blob.core.windows.net/"
              }
            ],
            "computer_name": "master.azure",
            "custom_data": null,
            "dedicated_host_id": "",
            "disable_password_authentication": true,
            "encryption_at_host_enabled": false,
            "eviction_policy": "",
            "extensions_time_budget": "PT1H30M",
            "id": "/subscriptions/71a0e8d6-4dbe-459d-8f26-ebd2c975dab5/resourceGroups/kubernetes_rg/providers/Microsoft.Compute/virtualMachines/master.azure",
            "identity": [],
            "location": "westeurope",
            "max_bid_price": -1,
            "name": "master.azure",
            "network_interface_ids": [
              "/subscriptions/71a0e8d6-4dbe-459d-8f26-ebd2c975dab5/resourceGroups/kubernetes_rg/providers/Microsoft.Network/networkInterfaces/nic-master"
            ],
            "os_disk": [
              {
                "caching": "ReadWrite",
                "diff_disk_settings": [],
                "disk_encryption_set_id": "",
                "disk_size_gb": 30,
                "name": "master.azure_OsDisk_1_a9990ebf913444e2b3513a4fe9c270d8",
                "storage_account_type": "Standard_LRS",
                "write_accelerator_enabled": false
              }
            ],
            "plan": [
              {
                "name": "centos-8-stream-free",
                "product": "centos-8-stream-free",
                "publisher": "cognosys"
              }
            ],
            "priority": "Regular",
            "private_ip_address": "10.0.1.10",
            "private_ip_addresses": [
              "10.0.1.10"
            ],
            "provision_vm_agent": true,
            "proximity_placement_group_id": "",
            "public_ip_address": "20.126.2.86",
            "public_ip_addresses": [
              "20.126.2.86"
            ],
            "resource_group_name": "kubernetes_rg",
            "secret": [],
            "size": "Standard_D2_v2",
            "source_image_id": "",
            "source_image_reference": [
              {
                "offer": "centos-8-stream-free",
                "publisher": "cognosys",
                "sku": "centos-8-stream-free",
                "version": "1.2019.0810"
              }
            ],
            "tags": {
              "environment": "CP2"
            },
            "timeouts": null,
            "virtual_machine_id": "5b0fa19a-cf90-4607-8163-760bcb6d3128",
            "virtual_machine_scale_set_id": "",
            "zone": ""
          },
          "sensitive_attributes": [],
          "private": "eyJlMmJmYjczMC1lY2FhLTExZTYtOGY4OC0zNDM2M2JjN2M0YzAiOnsiY3JlYXRlIjoyNzAwMDAwMDAwMDAwLCJkZWxldGUiOjI3MDAwMDAwMDAwMDAsInJlYWQiOjMwMDAwMDAwMDAwMCwidXBkYXRlIjoyNzAwMDAwMDAwMDAwfX0=",
          "dependencies": [
            "azurerm_network_interface.myNic",
            "azurerm_public_ip.myPublicIp",
            "azurerm_resource_group.rg",
            "azurerm_storage_account.stAccount",
            "azurerm_subnet.mySubnet",
            "azurerm_virtual_network.myNet"
          ]
        },
        {
          "index_key": 1,
          "schema_version": 0,
          "attributes": {
            "additional_capabilities": [],
            "admin_password": null,
            "admin_ssh_key": [
              {
                "public_key": "ssh-rsa AAAAB3NzaC1yc2EAAAADAQABAAACAQC497GjnKq0nWzGARP2ViQnd+E4ZvLMamCzVG6kqbhdMiHQlpP0hbecvOpbn9wFIbs7ls4pnl22niLovjIb65qo/6FGzHYVNR8QbnREgEBPxJ0sf+pgVO2l+JQlLZEWwhIVUZb4C8Fuu++9VsKJuIHHQpk03YZkHHimwQkD8CPTnNGnr78GhD+aBLP1Wy8oB8sYJ0ua5BLGGkeRXWbpkIvVCoLTV5pYPZoGzbENmYq5HXT0uesNZoLB3L3B1X9dFPiMCc4b9e8xE3VHCVdkkOjNhaxZwr3VAha6l3Le2t/CWzIwbptfChROEcHQfd2OtkWqM988/vQbs5p6o0nHkUe8taEuldXyyxv4hROsn3QgXdU1MgymDXcaSi5vFHplCgYEt0O+dX0n8HW8zUKCS11i964EKuplSAflWoUw+bffXmo+fauIkVrsHnxv2w3zGzDGDlN69lI2+7pzbA4ZGai8FipzygpyPvtjKl6qK2A7cclzyroLIgkPgNzBXPUbTW/9eOrepCgouSzYMG6KaYuT2LmTb4HpzYw2Lpaha5q9x0cd7tDPGubvFr4usT48nUiRqJqA8MVkpWAx5Y3pmNI13RA354MxkCArHotYWKzsIT6RbbMhXWGpgn4xewpPxjD1JrcF268nuHMLYSRZd9A9Em37M48x0qv4vBPSFSkVdQ== alvaro@alvaropc\n",
                "username": "adminUsername"
              }
            ],
            "admin_username": "adminUsername",
            "allow_extension_operations": true,
            "availability_set_id": "",
            "boot_diagnostics": [
              {
                "storage_account_uri": "https://storageaccs2worker01.blob.core.windows.net/"
              }
            ],
            "computer_name": "worker01.azure",
            "custom_data": null,
            "dedicated_host_id": "",
            "disable_password_authentication": true,
            "encryption_at_host_enabled": false,
            "eviction_policy": "",
            "extensions_time_budget": "PT1H30M",
            "id": "/subscriptions/71a0e8d6-4dbe-459d-8f26-ebd2c975dab5/resourceGroups/kubernetes_rg/providers/Microsoft.Compute/virtualMachines/worker01.azure",
            "identity": [],
            "location": "westeurope",
            "max_bid_price": -1,
            "name": "worker01.azure",
            "network_interface_ids": [
              "/subscriptions/71a0e8d6-4dbe-459d-8f26-ebd2c975dab5/resourceGroups/kubernetes_rg/providers/Microsoft.Network/networkInterfaces/nic-worker01"
            ],
            "os_disk": [
              {
                "caching": "ReadWrite",
                "diff_disk_settings": [],
                "disk_encryption_set_id": "",
                "disk_size_gb": 30,
                "name": "worker01.azure_OsDisk_1_c6622c08274644fda4bc0b350d0a31ae",
                "storage_account_type": "Standard_LRS",
                "write_accelerator_enabled": false
              }
            ],
            "plan": [
              {
                "name": "centos-8-stream-free",
                "product": "centos-8-stream-free",
                "publisher": "cognosys"
              }
            ],
            "priority": "Regular",
            "private_ip_address": "10.0.1.11",
            "private_ip_addresses": [
              "10.0.1.11"
            ],
            "provision_vm_agent": true,
            "proximity_placement_group_id": "",
            "public_ip_address": "20.126.36.159",
            "public_ip_addresses": [
              "20.126.36.159"
            ],
            "resource_group_name": "kubernetes_rg",
            "secret": [],
            "size": "Standard_D1_v2",
            "source_image_id": "",
            "source_image_reference": [
              {
                "offer": "centos-8-stream-free",
                "publisher": "cognosys",
                "sku": "centos-8-stream-free",
                "version": "1.2019.0810"
              }
            ],
            "tags": {
              "environment": "CP2"
            },
            "timeouts": null,
            "virtual_machine_id": "7a25489d-c63d-432c-80b9-a7d59c82d526",
            "virtual_machine_scale_set_id": "",
            "zone": ""
          },
          "sensitive_attributes": [],
          "private": "eyJlMmJmYjczMC1lY2FhLTExZTYtOGY4OC0zNDM2M2JjN2M0YzAiOnsiY3JlYXRlIjoyNzAwMDAwMDAwMDAwLCJkZWxldGUiOjI3MDAwMDAwMDAwMDAsInJlYWQiOjMwMDAwMDAwMDAwMCwidXBkYXRlIjoyNzAwMDAwMDAwMDAwfX0=",
          "dependencies": [
            "azurerm_network_interface.myNic",
            "azurerm_public_ip.myPublicIp",
            "azurerm_resource_group.rg",
            "azurerm_storage_account.stAccount",
            "azurerm_subnet.mySubnet",
            "azurerm_virtual_network.myNet"
          ]
        },
        {
          "index_key": 2,
          "schema_version": 0,
          "attributes": {
            "additional_capabilities": [],
            "admin_password": null,
            "admin_ssh_key": [
              {
                "public_key": "ssh-rsa AAAAB3NzaC1yc2EAAAADAQABAAACAQC497GjnKq0nWzGARP2ViQnd+E4ZvLMamCzVG6kqbhdMiHQlpP0hbecvOpbn9wFIbs7ls4pnl22niLovjIb65qo/6FGzHYVNR8QbnREgEBPxJ0sf+pgVO2l+JQlLZEWwhIVUZb4C8Fuu++9VsKJuIHHQpk03YZkHHimwQkD8CPTnNGnr78GhD+aBLP1Wy8oB8sYJ0ua5BLGGkeRXWbpkIvVCoLTV5pYPZoGzbENmYq5HXT0uesNZoLB3L3B1X9dFPiMCc4b9e8xE3VHCVdkkOjNhaxZwr3VAha6l3Le2t/CWzIwbptfChROEcHQfd2OtkWqM988/vQbs5p6o0nHkUe8taEuldXyyxv4hROsn3QgXdU1MgymDXcaSi5vFHplCgYEt0O+dX0n8HW8zUKCS11i964EKuplSAflWoUw+bffXmo+fauIkVrsHnxv2w3zGzDGDlN69lI2+7pzbA4ZGai8FipzygpyPvtjKl6qK2A7cclzyroLIgkPgNzBXPUbTW/9eOrepCgouSzYMG6KaYuT2LmTb4HpzYw2Lpaha5q9x0cd7tDPGubvFr4usT48nUiRqJqA8MVkpWAx5Y3pmNI13RA354MxkCArHotYWKzsIT6RbbMhXWGpgn4xewpPxjD1JrcF268nuHMLYSRZd9A9Em37M48x0qv4vBPSFSkVdQ== alvaro@alvaropc\n",
                "username": "adminUsername"
              }
            ],
            "admin_username": "adminUsername",
            "allow_extension_operations": true,
            "availability_set_id": "",
            "boot_diagnostics": [
              {
                "storage_account_uri": "https://storageaccs2worker02.blob.core.windows.net/"
              }
            ],
            "computer_name": "worker02.azure",
            "custom_data": null,
            "dedicated_host_id": "",
            "disable_password_authentication": true,
            "encryption_at_host_enabled": false,
            "eviction_policy": "",
            "extensions_time_budget": "PT1H30M",
            "id": "/subscriptions/71a0e8d6-4dbe-459d-8f26-ebd2c975dab5/resourceGroups/kubernetes_rg/providers/Microsoft.Compute/virtualMachines/worker02.azure",
            "identity": [],
            "location": "westeurope",
            "max_bid_price": -1,
            "name": "worker02.azure",
            "network_interface_ids": [
              "/subscriptions/71a0e8d6-4dbe-459d-8f26-ebd2c975dab5/resourceGroups/kubernetes_rg/providers/Microsoft.Network/networkInterfaces/nic-worker02"
            ],
            "os_disk": [
              {
                "caching": "ReadWrite",
                "diff_disk_settings": [],
                "disk_encryption_set_id": "",
                "disk_size_gb": 30,
                "name": "worker02.azure_OsDisk_1_30a935f317304cafa550efbc813f130d",
                "storage_account_type": "Standard_LRS",
                "write_accelerator_enabled": false
              }
            ],
            "plan": [
              {
                "name": "centos-8-stream-free",
                "product": "centos-8-stream-free",
                "publisher": "cognosys"
              }
            ],
            "priority": "Regular",
            "private_ip_address": "10.0.1.12",
            "private_ip_addresses": [
              "10.0.1.12"
            ],
            "provision_vm_agent": true,
            "proximity_placement_group_id": "",
            "public_ip_address": "20.126.5.197",
            "public_ip_addresses": [
              "20.126.5.197"
            ],
            "resource_group_name": "kubernetes_rg",
            "secret": [],
            "size": "Standard_D1_v2",
            "source_image_id": "",
            "source_image_reference": [
              {
                "offer": "centos-8-stream-free",
                "publisher": "cognosys",
                "sku": "centos-8-stream-free",
                "version": "1.2019.0810"
              }
            ],
            "tags": {
              "environment": "CP2"
            },
            "timeouts": null,
            "virtual_machine_id": "1013581c-1b10-46bc-a8f8-f0879d13bc6b",
            "virtual_machine_scale_set_id": "",
            "zone": ""
          },
          "sensitive_attributes": [],
          "private": "eyJlMmJmYjczMC1lY2FhLTExZTYtOGY4OC0zNDM2M2JjN2M0YzAiOnsiY3JlYXRlIjoyNzAwMDAwMDAwMDAwLCJkZWxldGUiOjI3MDAwMDAwMDAwMDAsInJlYWQiOjMwMDAwMDAwMDAwMCwidXBkYXRlIjoyNzAwMDAwMDAwMDAwfX0=",
          "dependencies": [
            "azurerm_network_interface.myNic",
            "azurerm_public_ip.myPublicIp",
            "azurerm_resource_group.rg",
            "azurerm_storage_account.stAccount",
            "azurerm_subnet.mySubnet",
            "azurerm_virtual_network.myNet"
          ]
        }
      ]
    },
    {
      "mode": "managed",
      "type": "azurerm_network_interface",
      "name": "myNic",
      "provider": "provider[\"registry.terraform.io/hashicorp/azurerm\"]",
      "instances": [
        {
          "index_key": 0,
          "schema_version": 0,
          "attributes": {
            "applied_dns_servers": [],
            "dns_servers": [],
            "enable_accelerated_networking": false,
            "enable_ip_forwarding": false,
            "id": "/subscriptions/71a0e8d6-4dbe-459d-8f26-ebd2c975dab5/resourceGroups/kubernetes_rg/providers/Microsoft.Network/networkInterfaces/nic-master",
            "internal_dns_name_label": "",
            "internal_domain_name_suffix": "ydoq05w2p41ezf2thcogpg1uyf.ax.internal.cloudapp.net",
            "ip_configuration": [
              {
                "name": "ipconf-master",
                "primary": true,
                "private_ip_address": "10.0.1.10",
                "private_ip_address_allocation": "Static",
                "private_ip_address_version": "IPv4",
                "public_ip_address_id": "/subscriptions/71a0e8d6-4dbe-459d-8f26-ebd2c975dab5/resourceGroups/kubernetes_rg/providers/Microsoft.Network/publicIPAddresses/vmipmaster",
                "subnet_id": "/subscriptions/71a0e8d6-4dbe-459d-8f26-ebd2c975dab5/resourceGroups/kubernetes_rg/providers/Microsoft.Network/virtualNetworks/kubernetesnet/subnets/terraformsubnet"
              }
            ],
            "location": "westeurope",
            "mac_address": "",
            "name": "nic-master",
            "private_ip_address": "10.0.1.10",
            "private_ip_addresses": [
              "10.0.1.10"
            ],
            "resource_group_name": "kubernetes_rg",
            "tags": {
              "environment": "CP2"
            },
            "timeouts": null,
            "virtual_machine_id": ""
          },
          "sensitive_attributes": [],
          "private": "eyJlMmJmYjczMC1lY2FhLTExZTYtOGY4OC0zNDM2M2JjN2M0YzAiOnsiY3JlYXRlIjoxODAwMDAwMDAwMDAwLCJkZWxldGUiOjE4MDAwMDAwMDAwMDAsInJlYWQiOjMwMDAwMDAwMDAwMCwidXBkYXRlIjoxODAwMDAwMDAwMDAwfX0=",
          "dependencies": [
            "azurerm_public_ip.myPublicIp",
            "azurerm_resource_group.rg",
            "azurerm_subnet.mySubnet",
            "azurerm_virtual_network.myNet"
          ]
        },
        {
          "index_key": 1,
          "schema_version": 0,
          "attributes": {
            "applied_dns_servers": [],
            "dns_servers": [],
            "enable_accelerated_networking": false,
            "enable_ip_forwarding": false,
            "id": "/subscriptions/71a0e8d6-4dbe-459d-8f26-ebd2c975dab5/resourceGroups/kubernetes_rg/providers/Microsoft.Network/networkInterfaces/nic-worker01",
            "internal_dns_name_label": "",
            "internal_domain_name_suffix": "ydoq05w2p41ezf2thcogpg1uyf.ax.internal.cloudapp.net",
            "ip_configuration": [
              {
                "name": "ipconf-worker01",
                "primary": true,
                "private_ip_address": "10.0.1.11",
                "private_ip_address_allocation": "Static",
                "private_ip_address_version": "IPv4",
                "public_ip_address_id": "/subscriptions/71a0e8d6-4dbe-459d-8f26-ebd2c975dab5/resourceGroups/kubernetes_rg/providers/Microsoft.Network/publicIPAddresses/vmipworker01",
                "subnet_id": "/subscriptions/71a0e8d6-4dbe-459d-8f26-ebd2c975dab5/resourceGroups/kubernetes_rg/providers/Microsoft.Network/virtualNetworks/kubernetesnet/subnets/terraformsubnet"
              }
            ],
            "location": "westeurope",
            "mac_address": "",
            "name": "nic-worker01",
            "private_ip_address": "10.0.1.11",
            "private_ip_addresses": [
              "10.0.1.11"
            ],
            "resource_group_name": "kubernetes_rg",
            "tags": {
              "environment": "CP2"
            },
            "timeouts": null,
            "virtual_machine_id": ""
          },
          "sensitive_attributes": [],
          "private": "eyJlMmJmYjczMC1lY2FhLTExZTYtOGY4OC0zNDM2M2JjN2M0YzAiOnsiY3JlYXRlIjoxODAwMDAwMDAwMDAwLCJkZWxldGUiOjE4MDAwMDAwMDAwMDAsInJlYWQiOjMwMDAwMDAwMDAwMCwidXBkYXRlIjoxODAwMDAwMDAwMDAwfX0=",
          "dependencies": [
            "azurerm_public_ip.myPublicIp",
            "azurerm_resource_group.rg",
            "azurerm_subnet.mySubnet",
            "azurerm_virtual_network.myNet"
          ]
        },
        {
          "index_key": 2,
          "schema_version": 0,
          "attributes": {
            "applied_dns_servers": [],
            "dns_servers": [],
            "enable_accelerated_networking": false,
            "enable_ip_forwarding": false,
            "id": "/subscriptions/71a0e8d6-4dbe-459d-8f26-ebd2c975dab5/resourceGroups/kubernetes_rg/providers/Microsoft.Network/networkInterfaces/nic-worker02",
            "internal_dns_name_label": "",
            "internal_domain_name_suffix": "ydoq05w2p41ezf2thcogpg1uyf.ax.internal.cloudapp.net",
            "ip_configuration": [
              {
                "name": "ipconf-worker02",
                "primary": true,
                "private_ip_address": "10.0.1.12",
                "private_ip_address_allocation": "Static",
                "private_ip_address_version": "IPv4",
                "public_ip_address_id": "/subscriptions/71a0e8d6-4dbe-459d-8f26-ebd2c975dab5/resourceGroups/kubernetes_rg/providers/Microsoft.Network/publicIPAddresses/vmipworker02",
                "subnet_id": "/subscriptions/71a0e8d6-4dbe-459d-8f26-ebd2c975dab5/resourceGroups/kubernetes_rg/providers/Microsoft.Network/virtualNetworks/kubernetesnet/subnets/terraformsubnet"
              }
            ],
            "location": "westeurope",
            "mac_address": "",
            "name": "nic-worker02",
            "private_ip_address": "10.0.1.12",
            "private_ip_addresses": [
              "10.0.1.12"
            ],
            "resource_group_name": "kubernetes_rg",
            "tags": {
              "environment": "CP2"
            },
            "timeouts": null,
            "virtual_machine_id": ""
          },
          "sensitive_attributes": [],
          "private": "eyJlMmJmYjczMC1lY2FhLTExZTYtOGY4OC0zNDM2M2JjN2M0YzAiOnsiY3JlYXRlIjoxODAwMDAwMDAwMDAwLCJkZWxldGUiOjE4MDAwMDAwMDAwMDAsInJlYWQiOjMwMDAwMDAwMDAwMCwidXBkYXRlIjoxODAwMDAwMDAwMDAwfX0=",
          "dependencies": [
            "azurerm_public_ip.myPublicIp",
            "azurerm_resource_group.rg",
            "azurerm_subnet.mySubnet",
            "azurerm_virtual_network.myNet"
          ]
        }
      ]
    },
    {
      "mode": "managed",
      "type": "azurerm_network_interface_security_group_association",
      "name": "mySecGroupAssociation",
      "provider": "provider[\"registry.terraform.io/hashicorp/azurerm\"]",
      "instances": [
        {
          "index_key": 0,
          "schema_version": 0,
          "attributes": {
            "id": "/subscriptions/71a0e8d6-4dbe-459d-8f26-ebd2c975dab5/resourceGroups/kubernetes_rg/providers/Microsoft.Network/networkInterfaces/nic-master|/subscriptions/71a0e8d6-4dbe-459d-8f26-ebd2c975dab5/resourceGroups/kubernetes_rg/providers/Microsoft.Network/networkSecurityGroups/sshtraffic",
            "network_interface_id": "/subscriptions/71a0e8d6-4dbe-459d-8f26-ebd2c975dab5/resourceGroups/kubernetes_rg/providers/Microsoft.Network/networkInterfaces/nic-master",
            "network_security_group_id": "/subscriptions/71a0e8d6-4dbe-459d-8f26-ebd2c975dab5/resourceGroups/kubernetes_rg/providers/Microsoft.Network/networkSecurityGroups/sshtraffic",
            "timeouts": null
          },
          "sensitive_attributes": [],
          "private": "eyJlMmJmYjczMC1lY2FhLTExZTYtOGY4OC0zNDM2M2JjN2M0YzAiOnsiY3JlYXRlIjoxODAwMDAwMDAwMDAwLCJkZWxldGUiOjE4MDAwMDAwMDAwMDAsInJlYWQiOjMwMDAwMDAwMDAwMCwidXBkYXRlIjoxODAwMDAwMDAwMDAwfX0=",
          "dependencies": [
            "azurerm_network_interface.myNic",
            "azurerm_network_security_group.mySecGroup",
            "azurerm_public_ip.myPublicIp",
            "azurerm_resource_group.rg",
            "azurerm_subnet.mySubnet",
            "azurerm_virtual_network.myNet"
          ]
        },
        {
          "index_key": 1,
          "schema_version": 0,
          "attributes": {
            "id": "/subscriptions/71a0e8d6-4dbe-459d-8f26-ebd2c975dab5/resourceGroups/kubernetes_rg/providers/Microsoft.Network/networkInterfaces/nic-worker01|/subscriptions/71a0e8d6-4dbe-459d-8f26-ebd2c975dab5/resourceGroups/kubernetes_rg/providers/Microsoft.Network/networkSecurityGroups/sshtraffic",
            "network_interface_id": "/subscriptions/71a0e8d6-4dbe-459d-8f26-ebd2c975dab5/resourceGroups/kubernetes_rg/providers/Microsoft.Network/networkInterfaces/nic-worker01",
            "network_security_group_id": "/subscriptions/71a0e8d6-4dbe-459d-8f26-ebd2c975dab5/resourceGroups/kubernetes_rg/providers/Microsoft.Network/networkSecurityGroups/sshtraffic",
            "timeouts": null
          },
          "sensitive_attributes": [],
          "private": "eyJlMmJmYjczMC1lY2FhLTExZTYtOGY4OC0zNDM2M2JjN2M0YzAiOnsiY3JlYXRlIjoxODAwMDAwMDAwMDAwLCJkZWxldGUiOjE4MDAwMDAwMDAwMDAsInJlYWQiOjMwMDAwMDAwMDAwMCwidXBkYXRlIjoxODAwMDAwMDAwMDAwfX0=",
          "dependencies": [
            "azurerm_network_interface.myNic",
            "azurerm_network_security_group.mySecGroup",
            "azurerm_public_ip.myPublicIp",
            "azurerm_resource_group.rg",
            "azurerm_subnet.mySubnet",
            "azurerm_virtual_network.myNet"
          ]
        },
        {
          "index_key": 2,
          "schema_version": 0,
          "attributes": {
            "id": "/subscriptions/71a0e8d6-4dbe-459d-8f26-ebd2c975dab5/resourceGroups/kubernetes_rg/providers/Microsoft.Network/networkInterfaces/nic-worker02|/subscriptions/71a0e8d6-4dbe-459d-8f26-ebd2c975dab5/resourceGroups/kubernetes_rg/providers/Microsoft.Network/networkSecurityGroups/sshtraffic",
            "network_interface_id": "/subscriptions/71a0e8d6-4dbe-459d-8f26-ebd2c975dab5/resourceGroups/kubernetes_rg/providers/Microsoft.Network/networkInterfaces/nic-worker02",
            "network_security_group_id": "/subscriptions/71a0e8d6-4dbe-459d-8f26-ebd2c975dab5/resourceGroups/kubernetes_rg/providers/Microsoft.Network/networkSecurityGroups/sshtraffic",
            "timeouts": null
          },
          "sensitive_attributes": [],
          "private": "eyJlMmJmYjczMC1lY2FhLTExZTYtOGY4OC0zNDM2M2JjN2M0YzAiOnsiY3JlYXRlIjoxODAwMDAwMDAwMDAwLCJkZWxldGUiOjE4MDAwMDAwMDAwMDAsInJlYWQiOjMwMDAwMDAwMDAwMCwidXBkYXRlIjoxODAwMDAwMDAwMDAwfX0=",
          "dependencies": [
            "azurerm_network_interface.myNic",
            "azurerm_network_security_group.mySecGroup",
            "azurerm_public_ip.myPublicIp",
            "azurerm_resource_group.rg",
            "azurerm_subnet.mySubnet",
            "azurerm_virtual_network.myNet"
          ]
        }
      ]
    },
    {
      "mode": "managed",
      "type": "azurerm_network_security_group",
      "name": "mySecGroup",
      "provider": "provider[\"registry.terraform.io/hashicorp/azurerm\"]",
      "instances": [
        {
          "schema_version": 0,
          "attributes": {
            "id": "/subscriptions/71a0e8d6-4dbe-459d-8f26-ebd2c975dab5/resourceGroups/kubernetes_rg/providers/Microsoft.Network/networkSecurityGroups/sshtraffic",
            "location": "westeurope",
            "name": "sshtraffic",
            "resource_group_name": "kubernetes_rg",
            "security_rule": [
              {
                "access": "Allow",
                "description": "",
                "destination_address_prefix": "*",
                "destination_address_prefixes": [],
                "destination_application_security_group_ids": [],
                "destination_port_range": "22",
                "destination_port_ranges": [],
                "direction": "Inbound",
                "name": "SSH",
                "priority": 1001,
                "protocol": "Tcp",
                "source_address_prefix": "*",
                "source_address_prefixes": [],
                "source_application_security_group_ids": [],
                "source_port_range": "*",
                "source_port_ranges": []
              }
            ],
            "tags": {
              "environment": "CP2"
            },
            "timeouts": null
          },
          "sensitive_attributes": [],
          "private": "eyJlMmJmYjczMC1lY2FhLTExZTYtOGY4OC0zNDM2M2JjN2M0YzAiOnsiY3JlYXRlIjoxODAwMDAwMDAwMDAwLCJkZWxldGUiOjE4MDAwMDAwMDAwMDAsInJlYWQiOjMwMDAwMDAwMDAwMCwidXBkYXRlIjoxODAwMDAwMDAwMDAwfX0=",
          "dependencies": [
            "azurerm_resource_group.rg"
          ]
        }
      ]
    },
    {
      "mode": "managed",
      "type": "azurerm_public_ip",
      "name": "myPublicIp",
      "provider": "provider[\"registry.terraform.io/hashicorp/azurerm\"]",
      "instances": [
        {
          "index_key": 0,
          "schema_version": 0,
          "attributes": {
            "allocation_method": "Dynamic",
            "domain_name_label": null,
            "fqdn": null,
            "id": "/subscriptions/71a0e8d6-4dbe-459d-8f26-ebd2c975dab5/resourceGroups/kubernetes_rg/providers/Microsoft.Network/publicIPAddresses/vmipmaster",
            "idle_timeout_in_minutes": 4,
            "ip_address": "",
            "ip_version": "IPv4",
            "location": "westeurope",
            "name": "vmipmaster",
            "public_ip_prefix_id": null,
            "resource_group_name": "kubernetes_rg",
            "reverse_fqdn": null,
            "sku": "Basic",
            "tags": {
              "environment": "CP2"
            },
            "timeouts": null,
            "zones": null
          },
          "sensitive_attributes": [],
          "private": "eyJlMmJmYjczMC1lY2FhLTExZTYtOGY4OC0zNDM2M2JjN2M0YzAiOnsiY3JlYXRlIjoxODAwMDAwMDAwMDAwLCJkZWxldGUiOjE4MDAwMDAwMDAwMDAsInJlYWQiOjMwMDAwMDAwMDAwMCwidXBkYXRlIjoxODAwMDAwMDAwMDAwfX0=",
          "dependencies": [
            "azurerm_resource_group.rg"
          ]
        },
        {
          "index_key": 1,
          "schema_version": 0,
          "attributes": {
            "allocation_method": "Dynamic",
            "domain_name_label": null,
            "fqdn": null,
            "id": "/subscriptions/71a0e8d6-4dbe-459d-8f26-ebd2c975dab5/resourceGroups/kubernetes_rg/providers/Microsoft.Network/publicIPAddresses/vmipworker01",
            "idle_timeout_in_minutes": 4,
            "ip_address": "",
            "ip_version": "IPv4",
            "location": "westeurope",
            "name": "vmipworker01",
            "public_ip_prefix_id": null,
            "resource_group_name": "kubernetes_rg",
            "reverse_fqdn": null,
            "sku": "Basic",
            "tags": {
              "environment": "CP2"
            },
            "timeouts": null,
            "zones": null
          },
          "sensitive_attributes": [],
          "private": "eyJlMmJmYjczMC1lY2FhLTExZTYtOGY4OC0zNDM2M2JjN2M0YzAiOnsiY3JlYXRlIjoxODAwMDAwMDAwMDAwLCJkZWxldGUiOjE4MDAwMDAwMDAwMDAsInJlYWQiOjMwMDAwMDAwMDAwMCwidXBkYXRlIjoxODAwMDAwMDAwMDAwfX0=",
          "dependencies": [
            "azurerm_resource_group.rg"
          ]
        },
        {
          "index_key": 2,
          "schema_version": 0,
          "attributes": {
            "allocation_method": "Dynamic",
            "domain_name_label": null,
            "fqdn": null,
            "id": "/subscriptions/71a0e8d6-4dbe-459d-8f26-ebd2c975dab5/resourceGroups/kubernetes_rg/providers/Microsoft.Network/publicIPAddresses/vmipworker02",
            "idle_timeout_in_minutes": 4,
            "ip_address": "",
            "ip_version": "IPv4",
            "location": "westeurope",
            "name": "vmipworker02",
            "public_ip_prefix_id": null,
            "resource_group_name": "kubernetes_rg",
            "reverse_fqdn": null,
            "sku": "Basic",
            "tags": {
              "environment": "CP2"
            },
            "timeouts": null,
            "zones": null
          },
          "sensitive_attributes": [],
          "private": "eyJlMmJmYjczMC1lY2FhLTExZTYtOGY4OC0zNDM2M2JjN2M0YzAiOnsiY3JlYXRlIjoxODAwMDAwMDAwMDAwLCJkZWxldGUiOjE4MDAwMDAwMDAwMDAsInJlYWQiOjMwMDAwMDAwMDAwMCwidXBkYXRlIjoxODAwMDAwMDAwMDAwfX0=",
          "dependencies": [
            "azurerm_resource_group.rg"
          ]
        }
      ]
    },
    {
      "mode": "managed",
      "type": "azurerm_resource_group",
      "name": "rg",
      "provider": "provider[\"registry.terraform.io/hashicorp/azurerm\"]",
      "instances": [
        {
          "schema_version": 0,
          "attributes": {
            "id": "/subscriptions/71a0e8d6-4dbe-459d-8f26-ebd2c975dab5/resourceGroups/kubernetes_rg",
            "location": "westeurope",
            "name": "kubernetes_rg",
            "tags": {
              "environment": "CP2"
            },
            "timeouts": null
          },
          "sensitive_attributes": [],
          "private": "eyJlMmJmYjczMC1lY2FhLTExZTYtOGY4OC0zNDM2M2JjN2M0YzAiOnsiY3JlYXRlIjo1NDAwMDAwMDAwMDAwLCJkZWxldGUiOjU0MDAwMDAwMDAwMDAsInJlYWQiOjMwMDAwMDAwMDAwMCwidXBkYXRlIjo1NDAwMDAwMDAwMDAwfX0="
        }
      ]
    },
    {
      "mode": "managed",
      "type": "azurerm_storage_account",
      "name": "stAccount",
      "provider": "provider[\"registry.terraform.io/hashicorp/azurerm\"]",
      "instances": [
        {
          "index_key": 0,
          "schema_version": 2,
          "attributes": {
            "access_tier": "Hot",
            "account_kind": "StorageV2",
            "account_replication_type": "LRS",
            "account_tier": "Standard",
            "allow_blob_public_access": false,
            "blob_properties": [],
            "custom_domain": [],
            "enable_https_traffic_only": true,
            "id": "/subscriptions/71a0e8d6-4dbe-459d-8f26-ebd2c975dab5/resourceGroups/kubernetes_rg/providers/Microsoft.Storage/storageAccounts/storageaccs2master",
            "identity": [],
            "is_hns_enabled": false,
            "large_file_share_enabled": null,
            "location": "westeurope",
            "min_tls_version": "TLS1_0",
            "name": "storageaccs2master",
            "network_rules": [
              {
                "bypass": [
                  "AzureServices"
                ],
                "default_action": "Allow",
                "ip_rules": [],
                "virtual_network_subnet_ids": []
              }
            ],
            "primary_access_key": "qPggs44kF1cJdaZ3OhBdEJG/OAlPXn2YItC2bYgKZN2nNuDjs3Fg2zV7d1Y9Bkc/d/xsdzjaT+y3mroyfzw8Gw==",
            "primary_blob_connection_string": "DefaultEndpointsProtocol=https;BlobEndpoint=https://storageaccs2master.blob.core.windows.net/;AccountName=storageaccs2master;AccountKey=qPggs44kF1cJdaZ3OhBdEJG/OAlPXn2YItC2bYgKZN2nNuDjs3Fg2zV7d1Y9Bkc/d/xsdzjaT+y3mroyfzw8Gw==",
            "primary_blob_endpoint": "https://storageaccs2master.blob.core.windows.net/",
            "primary_blob_host": "storageaccs2master.blob.core.windows.net",
            "primary_connection_string": "DefaultEndpointsProtocol=https;AccountName=storageaccs2master;AccountKey=qPggs44kF1cJdaZ3OhBdEJG/OAlPXn2YItC2bYgKZN2nNuDjs3Fg2zV7d1Y9Bkc/d/xsdzjaT+y3mroyfzw8Gw==;EndpointSuffix=core.windows.net",
            "primary_dfs_endpoint": "https://storageaccs2master.dfs.core.windows.net/",
            "primary_dfs_host": "storageaccs2master.dfs.core.windows.net",
            "primary_file_endpoint": "https://storageaccs2master.file.core.windows.net/",
            "primary_file_host": "storageaccs2master.file.core.windows.net",
            "primary_location": "westeurope",
            "primary_queue_endpoint": "https://storageaccs2master.queue.core.windows.net/",
            "primary_queue_host": "storageaccs2master.queue.core.windows.net",
            "primary_table_endpoint": "https://storageaccs2master.table.core.windows.net/",
            "primary_table_host": "storageaccs2master.table.core.windows.net",
            "primary_web_endpoint": "https://storageaccs2master.z6.web.core.windows.net/",
            "primary_web_host": "storageaccs2master.z6.web.core.windows.net",
            "queue_properties": [
              {
                "cors_rule": [],
                "hour_metrics": [
                  {
                    "enabled": true,
                    "include_apis": true,
                    "retention_policy_days": 7,
                    "version": "1.0"
                  }
                ],
                "logging": [
                  {
                    "delete": false,
                    "read": false,
                    "retention_policy_days": 0,
                    "version": "1.0",
                    "write": false
                  }
                ],
                "minute_metrics": [
                  {
                    "enabled": false,
                    "include_apis": false,
                    "retention_policy_days": 0,
                    "version": "1.0"
                  }
                ]
              }
            ],
            "resource_group_name": "kubernetes_rg",
            "secondary_access_key": "UQL3Oenzl8+7gQH+DANR00VFurRk0DfBpipEHBq3PVqbJ7AluKM2RRFETQNF/ww7FKt8Pc6meeXGIJSx/k7BSQ==",
            "secondary_blob_connection_string": "",
            "secondary_blob_endpoint": null,
            "secondary_blob_host": null,
            "secondary_connection_string": "DefaultEndpointsProtocol=https;AccountName=storageaccs2master;AccountKey=UQL3Oenzl8+7gQH+DANR00VFurRk0DfBpipEHBq3PVqbJ7AluKM2RRFETQNF/ww7FKt8Pc6meeXGIJSx/k7BSQ==;EndpointSuffix=core.windows.net",
            "secondary_dfs_endpoint": null,
            "secondary_dfs_host": null,
            "secondary_file_endpoint": null,
            "secondary_file_host": null,
            "secondary_location": "",
            "secondary_queue_endpoint": null,
            "secondary_queue_host": null,
            "secondary_table_endpoint": null,
            "secondary_table_host": null,
            "secondary_web_endpoint": null,
            "secondary_web_host": null,
            "static_website": [],
            "tags": {
              "environment": "CP2"
            },
            "timeouts": null
          },
          "sensitive_attributes": [],
          "private": "eyJlMmJmYjczMC1lY2FhLTExZTYtOGY4OC0zNDM2M2JjN2M0YzAiOnsiY3JlYXRlIjozNjAwMDAwMDAwMDAwLCJkZWxldGUiOjM2MDAwMDAwMDAwMDAsInJlYWQiOjMwMDAwMDAwMDAwMCwidXBkYXRlIjozNjAwMDAwMDAwMDAwfSwic2NoZW1hX3ZlcnNpb24iOiIyIn0=",
          "dependencies": [
            "azurerm_resource_group.rg"
          ]
        },
        {
          "index_key": 1,
          "schema_version": 2,
          "attributes": {
            "access_tier": "Hot",
            "account_kind": "StorageV2",
            "account_replication_type": "LRS",
            "account_tier": "Standard",
            "allow_blob_public_access": false,
            "blob_properties": [],
            "custom_domain": [],
            "enable_https_traffic_only": true,
            "id": "/subscriptions/71a0e8d6-4dbe-459d-8f26-ebd2c975dab5/resourceGroups/kubernetes_rg/providers/Microsoft.Storage/storageAccounts/storageaccs2worker01",
            "identity": [],
            "is_hns_enabled": false,
            "large_file_share_enabled": null,
            "location": "westeurope",
            "min_tls_version": "TLS1_0",
            "name": "storageaccs2worker01",
            "network_rules": [
              {
                "bypass": [
                  "AzureServices"
                ],
                "default_action": "Allow",
                "ip_rules": [],
                "virtual_network_subnet_ids": []
              }
            ],
            "primary_access_key": "V9wQbFzLs1eVoKrBPibm3NAqHiyMYi0ubyPZ61u0q9VNIk/qm2O30APa0izQohw/dF5EFBXxVTUbius3/Rjy4g==",
            "primary_blob_connection_string": "DefaultEndpointsProtocol=https;BlobEndpoint=https://storageaccs2worker01.blob.core.windows.net/;AccountName=storageaccs2worker01;AccountKey=V9wQbFzLs1eVoKrBPibm3NAqHiyMYi0ubyPZ61u0q9VNIk/qm2O30APa0izQohw/dF5EFBXxVTUbius3/Rjy4g==",
            "primary_blob_endpoint": "https://storageaccs2worker01.blob.core.windows.net/",
            "primary_blob_host": "storageaccs2worker01.blob.core.windows.net",
            "primary_connection_string": "DefaultEndpointsProtocol=https;AccountName=storageaccs2worker01;AccountKey=V9wQbFzLs1eVoKrBPibm3NAqHiyMYi0ubyPZ61u0q9VNIk/qm2O30APa0izQohw/dF5EFBXxVTUbius3/Rjy4g==;EndpointSuffix=core.windows.net",
            "primary_dfs_endpoint": "https://storageaccs2worker01.dfs.core.windows.net/",
            "primary_dfs_host": "storageaccs2worker01.dfs.core.windows.net",
            "primary_file_endpoint": "https://storageaccs2worker01.file.core.windows.net/",
            "primary_file_host": "storageaccs2worker01.file.core.windows.net",
            "primary_location": "westeurope",
            "primary_queue_endpoint": "https://storageaccs2worker01.queue.core.windows.net/",
            "primary_queue_host": "storageaccs2worker01.queue.core.windows.net",
            "primary_table_endpoint": "https://storageaccs2worker01.table.core.windows.net/",
            "primary_table_host": "storageaccs2worker01.table.core.windows.net",
            "primary_web_endpoint": "https://storageaccs2worker01.z6.web.core.windows.net/",
            "primary_web_host": "storageaccs2worker01.z6.web.core.windows.net",
            "queue_properties": [
              {
                "cors_rule": [],
                "hour_metrics": [
                  {
                    "enabled": true,
                    "include_apis": true,
                    "retention_policy_days": 7,
                    "version": "1.0"
                  }
                ],
                "logging": [
                  {
                    "delete": false,
                    "read": false,
                    "retention_policy_days": 0,
                    "version": "1.0",
                    "write": false
                  }
                ],
                "minute_metrics": [
                  {
                    "enabled": false,
                    "include_apis": false,
                    "retention_policy_days": 0,
                    "version": "1.0"
                  }
                ]
              }
            ],
            "resource_group_name": "kubernetes_rg",
            "secondary_access_key": "BzQtRcp9X5ypiIXzo9vxKB6+Dq2vPg48yjSXdx8yIovTEbDK3gZBXXRe6M05H0dhlnPEXjKmN9xNAtLybkO5NA==",
            "secondary_blob_connection_string": "",
            "secondary_blob_endpoint": null,
            "secondary_blob_host": null,
            "secondary_connection_string": "DefaultEndpointsProtocol=https;AccountName=storageaccs2worker01;AccountKey=BzQtRcp9X5ypiIXzo9vxKB6+Dq2vPg48yjSXdx8yIovTEbDK3gZBXXRe6M05H0dhlnPEXjKmN9xNAtLybkO5NA==;EndpointSuffix=core.windows.net",
            "secondary_dfs_endpoint": null,
            "secondary_dfs_host": null,
            "secondary_file_endpoint": null,
            "secondary_file_host": null,
            "secondary_location": "",
            "secondary_queue_endpoint": null,
            "secondary_queue_host": null,
            "secondary_table_endpoint": null,
            "secondary_table_host": null,
            "secondary_web_endpoint": null,
            "secondary_web_host": null,
            "static_website": [],
            "tags": {
              "environment": "CP2"
            },
            "timeouts": null
          },
          "sensitive_attributes": [],
          "private": "eyJlMmJmYjczMC1lY2FhLTExZTYtOGY4OC0zNDM2M2JjN2M0YzAiOnsiY3JlYXRlIjozNjAwMDAwMDAwMDAwLCJkZWxldGUiOjM2MDAwMDAwMDAwMDAsInJlYWQiOjMwMDAwMDAwMDAwMCwidXBkYXRlIjozNjAwMDAwMDAwMDAwfSwic2NoZW1hX3ZlcnNpb24iOiIyIn0=",
          "dependencies": [
            "azurerm_resource_group.rg"
          ]
        },
        {
          "index_key": 2,
          "schema_version": 2,
          "attributes": {
            "access_tier": "Hot",
            "account_kind": "StorageV2",
            "account_replication_type": "LRS",
            "account_tier": "Standard",
            "allow_blob_public_access": false,
            "blob_properties": [],
            "custom_domain": [],
            "enable_https_traffic_only": true,
            "id": "/subscriptions/71a0e8d6-4dbe-459d-8f26-ebd2c975dab5/resourceGroups/kubernetes_rg/providers/Microsoft.Storage/storageAccounts/storageaccs2worker02",
            "identity": [],
            "is_hns_enabled": false,
            "large_file_share_enabled": null,
            "location": "westeurope",
            "min_tls_version": "TLS1_0",
            "name": "storageaccs2worker02",
            "network_rules": [
              {
                "bypass": [
                  "AzureServices"
                ],
                "default_action": "Allow",
                "ip_rules": [],
                "virtual_network_subnet_ids": []
              }
            ],
            "primary_access_key": "hFkxnVHOfZzDLyKZ9l4MfXGXANM34uQyS84jjfAfoHROThuV7d3fWgzErWO2hugCkyfAbkxzJMSxrYbIMAVotA==",
            "primary_blob_connection_string": "DefaultEndpointsProtocol=https;BlobEndpoint=https://storageaccs2worker02.blob.core.windows.net/;AccountName=storageaccs2worker02;AccountKey=hFkxnVHOfZzDLyKZ9l4MfXGXANM34uQyS84jjfAfoHROThuV7d3fWgzErWO2hugCkyfAbkxzJMSxrYbIMAVotA==",
            "primary_blob_endpoint": "https://storageaccs2worker02.blob.core.windows.net/",
            "primary_blob_host": "storageaccs2worker02.blob.core.windows.net",
            "primary_connection_string": "DefaultEndpointsProtocol=https;AccountName=storageaccs2worker02;AccountKey=hFkxnVHOfZzDLyKZ9l4MfXGXANM34uQyS84jjfAfoHROThuV7d3fWgzErWO2hugCkyfAbkxzJMSxrYbIMAVotA==;EndpointSuffix=core.windows.net",
            "primary_dfs_endpoint": "https://storageaccs2worker02.dfs.core.windows.net/",
            "primary_dfs_host": "storageaccs2worker02.dfs.core.windows.net",
            "primary_file_endpoint": "https://storageaccs2worker02.file.core.windows.net/",
            "primary_file_host": "storageaccs2worker02.file.core.windows.net",
            "primary_location": "westeurope",
            "primary_queue_endpoint": "https://storageaccs2worker02.queue.core.windows.net/",
            "primary_queue_host": "storageaccs2worker02.queue.core.windows.net",
            "primary_table_endpoint": "https://storageaccs2worker02.table.core.windows.net/",
            "primary_table_host": "storageaccs2worker02.table.core.windows.net",
            "primary_web_endpoint": "https://storageaccs2worker02.z6.web.core.windows.net/",
            "primary_web_host": "storageaccs2worker02.z6.web.core.windows.net",
            "queue_properties": [
              {
                "cors_rule": [],
                "hour_metrics": [
                  {
                    "enabled": true,
                    "include_apis": true,
                    "retention_policy_days": 7,
                    "version": "1.0"
                  }
                ],
                "logging": [
                  {
                    "delete": false,
                    "read": false,
                    "retention_policy_days": 0,
                    "version": "1.0",
                    "write": false
                  }
                ],
                "minute_metrics": [
                  {
                    "enabled": false,
                    "include_apis": false,
                    "retention_policy_days": 0,
                    "version": "1.0"
                  }
                ]
              }
            ],
            "resource_group_name": "kubernetes_rg",
            "secondary_access_key": "mkjz2NoLqmQJZGSA/k4Azr4zK3NHRHkRSMXN21G5O794b6xoviCQKOFL6VapwhZPAbAm8QdL7uXYcPnMJSoFVQ==",
            "secondary_blob_connection_string": "",
            "secondary_blob_endpoint": null,
            "secondary_blob_host": null,
            "secondary_connection_string": "DefaultEndpointsProtocol=https;AccountName=storageaccs2worker02;AccountKey=mkjz2NoLqmQJZGSA/k4Azr4zK3NHRHkRSMXN21G5O794b6xoviCQKOFL6VapwhZPAbAm8QdL7uXYcPnMJSoFVQ==;EndpointSuffix=core.windows.net",
            "secondary_dfs_endpoint": null,
            "secondary_dfs_host": null,
            "secondary_file_endpoint": null,
            "secondary_file_host": null,
            "secondary_location": "",
            "secondary_queue_endpoint": null,
            "secondary_queue_host": null,
            "secondary_table_endpoint": null,
            "secondary_table_host": null,
            "secondary_web_endpoint": null,
            "secondary_web_host": null,
            "static_website": [],
            "tags": {
              "environment": "CP2"
            },
            "timeouts": null
          },
          "sensitive_attributes": [],
          "private": "eyJlMmJmYjczMC1lY2FhLTExZTYtOGY4OC0zNDM2M2JjN2M0YzAiOnsiY3JlYXRlIjozNjAwMDAwMDAwMDAwLCJkZWxldGUiOjM2MDAwMDAwMDAwMDAsInJlYWQiOjMwMDAwMDAwMDAwMCwidXBkYXRlIjozNjAwMDAwMDAwMDAwfSwic2NoZW1hX3ZlcnNpb24iOiIyIn0=",
          "dependencies": [
            "azurerm_resource_group.rg"
          ]
        }
      ]
    },
    {
      "mode": "managed",
      "type": "azurerm_subnet",
      "name": "mySubnet",
      "provider": "provider[\"registry.terraform.io/hashicorp/azurerm\"]",
      "instances": [
        {
          "schema_version": 0,
          "attributes": {
            "address_prefix": "10.0.1.0/24",
            "address_prefixes": [
              "10.0.1.0/24"
            ],
            "delegation": [],
            "enforce_private_link_endpoint_network_policies": false,
            "enforce_private_link_service_network_policies": false,
            "id": "/subscriptions/71a0e8d6-4dbe-459d-8f26-ebd2c975dab5/resourceGroups/kubernetes_rg/providers/Microsoft.Network/virtualNetworks/kubernetesnet/subnets/terraformsubnet",
            "name": "terraformsubnet",
            "resource_group_name": "kubernetes_rg",
            "service_endpoint_policy_ids": null,
            "service_endpoints": null,
            "timeouts": null,
            "virtual_network_name": "kubernetesnet"
          },
          "sensitive_attributes": [],
          "private": "eyJlMmJmYjczMC1lY2FhLTExZTYtOGY4OC0zNDM2M2JjN2M0YzAiOnsiY3JlYXRlIjoxODAwMDAwMDAwMDAwLCJkZWxldGUiOjE4MDAwMDAwMDAwMDAsInJlYWQiOjMwMDAwMDAwMDAwMCwidXBkYXRlIjoxODAwMDAwMDAwMDAwfX0=",
          "dependencies": [
            "azurerm_resource_group.rg",
            "azurerm_virtual_network.myNet"
          ]
        }
      ]
    },
    {
      "mode": "managed",
      "type": "azurerm_virtual_network",
      "name": "myNet",
      "provider": "provider[\"registry.terraform.io/hashicorp/azurerm\"]",
      "instances": [
        {
          "schema_version": 0,
          "attributes": {
            "address_space": [
              "10.0.0.0/16"
            ],
            "bgp_community": "",
            "ddos_protection_plan": [],
            "dns_servers": null,
            "guid": "7e0dddc0-7fdc-4cb6-9793-389c679b74c5",
            "id": "/subscriptions/71a0e8d6-4dbe-459d-8f26-ebd2c975dab5/resourceGroups/kubernetes_rg/providers/Microsoft.Network/virtualNetworks/kubernetesnet",
            "location": "westeurope",
            "name": "kubernetesnet",
            "resource_group_name": "kubernetes_rg",
            "subnet": [],
            "tags": {
              "environment": "CP2"
            },
            "timeouts": null,
            "vm_protection_enabled": false
          },
          "sensitive_attributes": [],
          "private": "eyJlMmJmYjczMC1lY2FhLTExZTYtOGY4OC0zNDM2M2JjN2M0YzAiOnsiY3JlYXRlIjoxODAwMDAwMDAwMDAwLCJkZWxldGUiOjE4MDAwMDAwMDAwMDAsInJlYWQiOjMwMDAwMDAwMDAwMCwidXBkYXRlIjoxODAwMDAwMDAwMDAwfX0=",
          "dependencies": [
            "azurerm_resource_group.rg"
          ]
        }
      ]
    }
  ]
}
