{
  "version": 4,
  "terraform_version": "1.1.5",
  "serial": 329,
  "lineage": "fad5a1a0-ffc1-940d-2ee1-56139c51c57c",
  "outputs": {},
  "resources": [
    {
      "mode": "managed",
      "type": "azurerm_linux_virtual_machine",
      "name": "myVM",
      "provider": "provider[\"registry.terraform.io/hashicorp/azurerm\"]",
      "instances": [
        {
          "index_key": 0,
          "schema_version": 0,
          "attributes": {
            "additional_capabilities": [],
            "admin_password": null,
            "admin_ssh_key": [
              {
                "public_key": "ssh-rsa AAAAB3NzaC1yc2EAAAADAQABAAACAQC497GjnKq0nWzGARP2ViQnd+E4ZvLMamCzVG6kqbhdMiHQlpP0hbecvOpbn9wFIbs7ls4pnl22niLovjIb65qo/6FGzHYVNR8QbnREgEBPxJ0sf+pgVO2l+JQlLZEWwhIVUZb4C8Fuu++9VsKJuIHHQpk03YZkHHimwQkD8CPTnNGnr78GhD+aBLP1Wy8oB8sYJ0ua5BLGGkeRXWbpkIvVCoLTV5pYPZoGzbENmYq5HXT0uesNZoLB3L3B1X9dFPiMCc4b9e8xE3VHCVdkkOjNhaxZwr3VAha6l3Le2t/CWzIwbptfChROEcHQfd2OtkWqM988/vQbs5p6o0nHkUe8taEuldXyyxv4hROsn3QgXdU1MgymDXcaSi5vFHplCgYEt0O+dX0n8HW8zUKCS11i964EKuplSAflWoUw+bffXmo+fauIkVrsHnxv2w3zGzDGDlN69lI2+7pzbA4ZGai8FipzygpyPvtjKl6qK2A7cclzyroLIgkPgNzBXPUbTW/9eOrepCgouSzYMG6KaYuT2LmTb4HpzYw2Lpaha5q9x0cd7tDPGubvFr4usT48nUiRqJqA8MVkpWAx5Y3pmNI13RA354MxkCArHotYWKzsIT6RbbMhXWGpgn4xewpPxjD1JrcF268nuHMLYSRZd9A9Em37M48x0qv4vBPSFSkVdQ== alvaro@alvaropc\n",
                "username": "adminUsername"
              }
            ],
            "admin_username": "adminUsername",
            "allow_extension_operations": true,
            "availability_set_id": "",
            "boot_diagnostics": [
              {
                "storage_account_uri": "https://staccountcp2master.blob.core.windows.net/"
              }
            ],
            "computer_name": "master.azure",
            "custom_data": null,
            "dedicated_host_id": "",
            "disable_password_authentication": true,
            "encryption_at_host_enabled": false,
            "eviction_policy": "",
            "extensions_time_budget": "PT1H30M",
            "id": "/subscriptions/71a0e8d6-4dbe-459d-8f26-ebd2c975dab5/resourceGroups/kubernetes_rg/providers/Microsoft.Compute/virtualMachines/master.azure",
            "identity": [],
            "location": "westeurope",
            "max_bid_price": -1,
            "name": "master.azure",
            "network_interface_ids": [
              "/subscriptions/71a0e8d6-4dbe-459d-8f26-ebd2c975dab5/resourceGroups/kubernetes_rg/providers/Microsoft.Network/networkInterfaces/nic-master"
            ],
            "os_disk": [
              {
                "caching": "ReadWrite",
                "diff_disk_settings": [],
                "disk_encryption_set_id": "",
                "disk_size_gb": 30,
                "name": "master.azure_OsDisk_1_afdb3b31f182426ba75fec9c66f4b8b9",
                "storage_account_type": "Standard_LRS",
                "write_accelerator_enabled": false
              }
            ],
            "plan": [
              {
                "name": "centos-8-stream-free",
                "product": "centos-8-stream-free",
                "publisher": "cognosys"
              }
            ],
            "priority": "Regular",
            "private_ip_address": "10.0.1.10",
            "private_ip_addresses": [
              "10.0.1.10"
            ],
            "provision_vm_agent": true,
            "proximity_placement_group_id": "",
            "public_ip_address": "20.126.75.159",
            "public_ip_addresses": [
              "20.126.75.159"
            ],
            "resource_group_name": "kubernetes_rg",
            "secret": [],
            "size": "Standard_D2_v2",
            "source_image_id": "",
            "source_image_reference": [
              {
                "offer": "centos-8-stream-free",
                "publisher": "cognosys",
                "sku": "centos-8-stream-free",
                "version": "1.2019.0810"
              }
            ],
            "tags": {
              "environment": "CP2"
            },
            "timeouts": null,
            "virtual_machine_id": "9c1b2790-37d2-495b-9726-a29d3207aecf",
            "virtual_machine_scale_set_id": "",
            "zone": ""
          },
          "sensitive_attributes": [],
          "private": "eyJlMmJmYjczMC1lY2FhLTExZTYtOGY4OC0zNDM2M2JjN2M0YzAiOnsiY3JlYXRlIjoyNzAwMDAwMDAwMDAwLCJkZWxldGUiOjI3MDAwMDAwMDAwMDAsInJlYWQiOjMwMDAwMDAwMDAwMCwidXBkYXRlIjoyNzAwMDAwMDAwMDAwfX0=",
          "dependencies": [
            "azurerm_network_interface.myNic",
            "azurerm_public_ip.myPublicIp",
            "azurerm_resource_group.rg",
            "azurerm_storage_account.stAccount",
            "azurerm_subnet.mySubnet",
            "azurerm_virtual_network.myNet"
          ]
        },
        {
          "index_key": 1,
          "schema_version": 0,
          "attributes": {
            "additional_capabilities": [],
            "admin_password": null,
            "admin_ssh_key": [
              {
                "public_key": "ssh-rsa AAAAB3NzaC1yc2EAAAADAQABAAACAQC497GjnKq0nWzGARP2ViQnd+E4ZvLMamCzVG6kqbhdMiHQlpP0hbecvOpbn9wFIbs7ls4pnl22niLovjIb65qo/6FGzHYVNR8QbnREgEBPxJ0sf+pgVO2l+JQlLZEWwhIVUZb4C8Fuu++9VsKJuIHHQpk03YZkHHimwQkD8CPTnNGnr78GhD+aBLP1Wy8oB8sYJ0ua5BLGGkeRXWbpkIvVCoLTV5pYPZoGzbENmYq5HXT0uesNZoLB3L3B1X9dFPiMCc4b9e8xE3VHCVdkkOjNhaxZwr3VAha6l3Le2t/CWzIwbptfChROEcHQfd2OtkWqM988/vQbs5p6o0nHkUe8taEuldXyyxv4hROsn3QgXdU1MgymDXcaSi5vFHplCgYEt0O+dX0n8HW8zUKCS11i964EKuplSAflWoUw+bffXmo+fauIkVrsHnxv2w3zGzDGDlN69lI2+7pzbA4ZGai8FipzygpyPvtjKl6qK2A7cclzyroLIgkPgNzBXPUbTW/9eOrepCgouSzYMG6KaYuT2LmTb4HpzYw2Lpaha5q9x0cd7tDPGubvFr4usT48nUiRqJqA8MVkpWAx5Y3pmNI13RA354MxkCArHotYWKzsIT6RbbMhXWGpgn4xewpPxjD1JrcF268nuHMLYSRZd9A9Em37M48x0qv4vBPSFSkVdQ== alvaro@alvaropc\n",
                "username": "adminUsername"
              }
            ],
            "admin_username": "adminUsername",
            "allow_extension_operations": true,
            "availability_set_id": "",
            "boot_diagnostics": [
              {
                "storage_account_uri": "https://staccountcp2worker01.blob.core.windows.net/"
              }
            ],
            "computer_name": "worker01.azure",
            "custom_data": null,
            "dedicated_host_id": "",
            "disable_password_authentication": true,
            "encryption_at_host_enabled": false,
            "eviction_policy": "",
            "extensions_time_budget": "PT1H30M",
            "id": "/subscriptions/71a0e8d6-4dbe-459d-8f26-ebd2c975dab5/resourceGroups/kubernetes_rg/providers/Microsoft.Compute/virtualMachines/worker01.azure",
            "identity": [],
            "location": "westeurope",
            "max_bid_price": -1,
            "name": "worker01.azure",
            "network_interface_ids": [
              "/subscriptions/71a0e8d6-4dbe-459d-8f26-ebd2c975dab5/resourceGroups/kubernetes_rg/providers/Microsoft.Network/networkInterfaces/nic-worker01"
            ],
            "os_disk": [
              {
                "caching": "ReadWrite",
                "diff_disk_settings": [],
                "disk_encryption_set_id": "",
                "disk_size_gb": 30,
                "name": "worker01.azure_OsDisk_1_1b8af915178842ac9c782cc200461c72",
                "storage_account_type": "Standard_LRS",
                "write_accelerator_enabled": false
              }
            ],
            "plan": [
              {
                "name": "centos-8-stream-free",
                "product": "centos-8-stream-free",
                "publisher": "cognosys"
              }
            ],
            "priority": "Regular",
            "private_ip_address": "10.0.1.11",
            "private_ip_addresses": [
              "10.0.1.11"
            ],
            "provision_vm_agent": true,
            "proximity_placement_group_id": "",
            "public_ip_address": "20.126.136.78",
            "public_ip_addresses": [
              "20.126.136.78"
            ],
            "resource_group_name": "kubernetes_rg",
            "secret": [],
            "size": "Standard_D1_v2",
            "source_image_id": "",
            "source_image_reference": [
              {
                "offer": "centos-8-stream-free",
                "publisher": "cognosys",
                "sku": "centos-8-stream-free",
                "version": "1.2019.0810"
              }
            ],
            "tags": {
              "environment": "CP2"
            },
            "timeouts": null,
            "virtual_machine_id": "9d906699-3ed3-455d-a9da-2e766e7d2956",
            "virtual_machine_scale_set_id": "",
            "zone": ""
          },
          "sensitive_attributes": [],
          "private": "eyJlMmJmYjczMC1lY2FhLTExZTYtOGY4OC0zNDM2M2JjN2M0YzAiOnsiY3JlYXRlIjoyNzAwMDAwMDAwMDAwLCJkZWxldGUiOjI3MDAwMDAwMDAwMDAsInJlYWQiOjMwMDAwMDAwMDAwMCwidXBkYXRlIjoyNzAwMDAwMDAwMDAwfX0=",
          "dependencies": [
            "azurerm_network_interface.myNic",
            "azurerm_public_ip.myPublicIp",
            "azurerm_resource_group.rg",
            "azurerm_storage_account.stAccount",
            "azurerm_subnet.mySubnet",
            "azurerm_virtual_network.myNet"
          ]
        },
        {
          "index_key": 2,
          "schema_version": 0,
          "attributes": {
            "additional_capabilities": [],
            "admin_password": null,
            "admin_ssh_key": [
              {
                "public_key": "ssh-rsa AAAAB3NzaC1yc2EAAAADAQABAAACAQC497GjnKq0nWzGARP2ViQnd+E4ZvLMamCzVG6kqbhdMiHQlpP0hbecvOpbn9wFIbs7ls4pnl22niLovjIb65qo/6FGzHYVNR8QbnREgEBPxJ0sf+pgVO2l+JQlLZEWwhIVUZb4C8Fuu++9VsKJuIHHQpk03YZkHHimwQkD8CPTnNGnr78GhD+aBLP1Wy8oB8sYJ0ua5BLGGkeRXWbpkIvVCoLTV5pYPZoGzbENmYq5HXT0uesNZoLB3L3B1X9dFPiMCc4b9e8xE3VHCVdkkOjNhaxZwr3VAha6l3Le2t/CWzIwbptfChROEcHQfd2OtkWqM988/vQbs5p6o0nHkUe8taEuldXyyxv4hROsn3QgXdU1MgymDXcaSi5vFHplCgYEt0O+dX0n8HW8zUKCS11i964EKuplSAflWoUw+bffXmo+fauIkVrsHnxv2w3zGzDGDlN69lI2+7pzbA4ZGai8FipzygpyPvtjKl6qK2A7cclzyroLIgkPgNzBXPUbTW/9eOrepCgouSzYMG6KaYuT2LmTb4HpzYw2Lpaha5q9x0cd7tDPGubvFr4usT48nUiRqJqA8MVkpWAx5Y3pmNI13RA354MxkCArHotYWKzsIT6RbbMhXWGpgn4xewpPxjD1JrcF268nuHMLYSRZd9A9Em37M48x0qv4vBPSFSkVdQ== alvaro@alvaropc\n",
                "username": "adminUsername"
              }
            ],
            "admin_username": "adminUsername",
            "allow_extension_operations": true,
            "availability_set_id": "",
            "boot_diagnostics": [
              {
                "storage_account_uri": "https://staccountcp2worker02.blob.core.windows.net/"
              }
            ],
            "computer_name": "worker02.azure",
            "custom_data": null,
            "dedicated_host_id": "",
            "disable_password_authentication": true,
            "encryption_at_host_enabled": false,
            "eviction_policy": "",
            "extensions_time_budget": "PT1H30M",
            "id": "/subscriptions/71a0e8d6-4dbe-459d-8f26-ebd2c975dab5/resourceGroups/kubernetes_rg/providers/Microsoft.Compute/virtualMachines/worker02.azure",
            "identity": [],
            "location": "westeurope",
            "max_bid_price": -1,
            "name": "worker02.azure",
            "network_interface_ids": [
              "/subscriptions/71a0e8d6-4dbe-459d-8f26-ebd2c975dab5/resourceGroups/kubernetes_rg/providers/Microsoft.Network/networkInterfaces/nic-worker02"
            ],
            "os_disk": [
              {
                "caching": "ReadWrite",
                "diff_disk_settings": [],
                "disk_encryption_set_id": "",
                "disk_size_gb": 30,
                "name": "worker02.azure_OsDisk_1_e49f42abb6884317a5f19b763a31f4a1",
                "storage_account_type": "Standard_LRS",
                "write_accelerator_enabled": false
              }
            ],
            "plan": [
              {
                "name": "centos-8-stream-free",
                "product": "centos-8-stream-free",
                "publisher": "cognosys"
              }
            ],
            "priority": "Regular",
            "private_ip_address": "10.0.1.12",
            "private_ip_addresses": [
              "10.0.1.12"
            ],
            "provision_vm_agent": true,
            "proximity_placement_group_id": "",
            "public_ip_address": "20.126.8.84",
            "public_ip_addresses": [
              "20.126.8.84"
            ],
            "resource_group_name": "kubernetes_rg",
            "secret": [],
            "size": "Standard_D1_v2",
            "source_image_id": "",
            "source_image_reference": [
              {
                "offer": "centos-8-stream-free",
                "publisher": "cognosys",
                "sku": "centos-8-stream-free",
                "version": "1.2019.0810"
              }
            ],
            "tags": {
              "environment": "CP2"
            },
            "timeouts": null,
            "virtual_machine_id": "dbfd383b-8117-489a-9891-9654ce8a1b3b",
            "virtual_machine_scale_set_id": "",
            "zone": ""
          },
          "sensitive_attributes": [],
          "private": "eyJlMmJmYjczMC1lY2FhLTExZTYtOGY4OC0zNDM2M2JjN2M0YzAiOnsiY3JlYXRlIjoyNzAwMDAwMDAwMDAwLCJkZWxldGUiOjI3MDAwMDAwMDAwMDAsInJlYWQiOjMwMDAwMDAwMDAwMCwidXBkYXRlIjoyNzAwMDAwMDAwMDAwfX0=",
          "dependencies": [
            "azurerm_network_interface.myNic",
            "azurerm_public_ip.myPublicIp",
            "azurerm_resource_group.rg",
            "azurerm_storage_account.stAccount",
            "azurerm_subnet.mySubnet",
            "azurerm_virtual_network.myNet"
          ]
        }
      ]
    },
    {
      "mode": "managed",
      "type": "azurerm_network_interface",
      "name": "myNic",
      "provider": "provider[\"registry.terraform.io/hashicorp/azurerm\"]",
      "instances": [
        {
          "index_key": 0,
          "schema_version": 0,
          "attributes": {
            "applied_dns_servers": [],
            "dns_servers": [],
            "enable_accelerated_networking": false,
            "enable_ip_forwarding": false,
            "id": "/subscriptions/71a0e8d6-4dbe-459d-8f26-ebd2c975dab5/resourceGroups/kubernetes_rg/providers/Microsoft.Network/networkInterfaces/nic-master",
            "internal_dns_name_label": "",
            "internal_domain_name_suffix": "2twbpmqm1squhbpcbtdvpfwu0g.ax.internal.cloudapp.net",
            "ip_configuration": [
              {
                "name": "ipconf-master",
                "primary": true,
                "private_ip_address": "10.0.1.10",
                "private_ip_address_allocation": "Static",
                "private_ip_address_version": "IPv4",
                "public_ip_address_id": "/subscriptions/71a0e8d6-4dbe-459d-8f26-ebd2c975dab5/resourceGroups/kubernetes_rg/providers/Microsoft.Network/publicIPAddresses/vmipmaster",
                "subnet_id": "/subscriptions/71a0e8d6-4dbe-459d-8f26-ebd2c975dab5/resourceGroups/kubernetes_rg/providers/Microsoft.Network/virtualNetworks/kubernetesnet/subnets/terraformsubnet"
              }
            ],
            "location": "westeurope",
            "mac_address": "00-0D-3A-AA-C2-9E",
            "name": "nic-master",
            "private_ip_address": "10.0.1.10",
            "private_ip_addresses": [
              "10.0.1.10"
            ],
            "resource_group_name": "kubernetes_rg",
            "tags": {
              "environment": "CP2"
            },
            "timeouts": null,
            "virtual_machine_id": "/subscriptions/71a0e8d6-4dbe-459d-8f26-ebd2c975dab5/resourceGroups/kubernetes_rg/providers/Microsoft.Compute/virtualMachines/master.azure"
          },
          "sensitive_attributes": [],
          "private": "eyJlMmJmYjczMC1lY2FhLTExZTYtOGY4OC0zNDM2M2JjN2M0YzAiOnsiY3JlYXRlIjoxODAwMDAwMDAwMDAwLCJkZWxldGUiOjE4MDAwMDAwMDAwMDAsInJlYWQiOjMwMDAwMDAwMDAwMCwidXBkYXRlIjoxODAwMDAwMDAwMDAwfX0=",
          "dependencies": [
            "azurerm_public_ip.myPublicIp",
            "azurerm_resource_group.rg",
            "azurerm_subnet.mySubnet",
            "azurerm_virtual_network.myNet"
          ]
        },
        {
          "index_key": 1,
          "schema_version": 0,
          "attributes": {
            "applied_dns_servers": [],
            "dns_servers": [],
            "enable_accelerated_networking": false,
            "enable_ip_forwarding": false,
            "id": "/subscriptions/71a0e8d6-4dbe-459d-8f26-ebd2c975dab5/resourceGroups/kubernetes_rg/providers/Microsoft.Network/networkInterfaces/nic-worker01",
            "internal_dns_name_label": "",
            "internal_domain_name_suffix": "2twbpmqm1squhbpcbtdvpfwu0g.ax.internal.cloudapp.net",
            "ip_configuration": [
              {
                "name": "ipconf-worker01",
                "primary": true,
                "private_ip_address": "10.0.1.11",
                "private_ip_address_allocation": "Static",
                "private_ip_address_version": "IPv4",
                "public_ip_address_id": "/subscriptions/71a0e8d6-4dbe-459d-8f26-ebd2c975dab5/resourceGroups/kubernetes_rg/providers/Microsoft.Network/publicIPAddresses/vmipworker01",
                "subnet_id": "/subscriptions/71a0e8d6-4dbe-459d-8f26-ebd2c975dab5/resourceGroups/kubernetes_rg/providers/Microsoft.Network/virtualNetworks/kubernetesnet/subnets/terraformsubnet"
              }
            ],
            "location": "westeurope",
            "mac_address": "00-0D-3A-AB-AB-63",
            "name": "nic-worker01",
            "private_ip_address": "10.0.1.11",
            "private_ip_addresses": [
              "10.0.1.11"
            ],
            "resource_group_name": "kubernetes_rg",
            "tags": {
              "environment": "CP2"
            },
            "timeouts": null,
            "virtual_machine_id": "/subscriptions/71a0e8d6-4dbe-459d-8f26-ebd2c975dab5/resourceGroups/kubernetes_rg/providers/Microsoft.Compute/virtualMachines/worker01.azure"
          },
          "sensitive_attributes": [],
          "private": "eyJlMmJmYjczMC1lY2FhLTExZTYtOGY4OC0zNDM2M2JjN2M0YzAiOnsiY3JlYXRlIjoxODAwMDAwMDAwMDAwLCJkZWxldGUiOjE4MDAwMDAwMDAwMDAsInJlYWQiOjMwMDAwMDAwMDAwMCwidXBkYXRlIjoxODAwMDAwMDAwMDAwfX0=",
          "dependencies": [
            "azurerm_public_ip.myPublicIp",
            "azurerm_resource_group.rg",
            "azurerm_subnet.mySubnet",
            "azurerm_virtual_network.myNet"
          ]
        },
        {
          "index_key": 2,
          "schema_version": 0,
          "attributes": {
            "applied_dns_servers": [],
            "dns_servers": [],
            "enable_accelerated_networking": false,
            "enable_ip_forwarding": false,
            "id": "/subscriptions/71a0e8d6-4dbe-459d-8f26-ebd2c975dab5/resourceGroups/kubernetes_rg/providers/Microsoft.Network/networkInterfaces/nic-worker02",
            "internal_dns_name_label": "",
            "internal_domain_name_suffix": "2twbpmqm1squhbpcbtdvpfwu0g.ax.internal.cloudapp.net",
            "ip_configuration": [
              {
                "name": "ipconf-worker02",
                "primary": true,
                "private_ip_address": "10.0.1.12",
                "private_ip_address_allocation": "Static",
                "private_ip_address_version": "IPv4",
                "public_ip_address_id": "/subscriptions/71a0e8d6-4dbe-459d-8f26-ebd2c975dab5/resourceGroups/kubernetes_rg/providers/Microsoft.Network/publicIPAddresses/vmipworker02",
                "subnet_id": "/subscriptions/71a0e8d6-4dbe-459d-8f26-ebd2c975dab5/resourceGroups/kubernetes_rg/providers/Microsoft.Network/virtualNetworks/kubernetesnet/subnets/terraformsubnet"
              }
            ],
            "location": "westeurope",
            "mac_address": "00-0D-3A-A9-EB-64",
            "name": "nic-worker02",
            "private_ip_address": "10.0.1.12",
            "private_ip_addresses": [
              "10.0.1.12"
            ],
            "resource_group_name": "kubernetes_rg",
            "tags": {
              "environment": "CP2"
            },
            "timeouts": null,
            "virtual_machine_id": "/subscriptions/71a0e8d6-4dbe-459d-8f26-ebd2c975dab5/resourceGroups/kubernetes_rg/providers/Microsoft.Compute/virtualMachines/worker02.azure"
          },
          "sensitive_attributes": [],
          "private": "eyJlMmJmYjczMC1lY2FhLTExZTYtOGY4OC0zNDM2M2JjN2M0YzAiOnsiY3JlYXRlIjoxODAwMDAwMDAwMDAwLCJkZWxldGUiOjE4MDAwMDAwMDAwMDAsInJlYWQiOjMwMDAwMDAwMDAwMCwidXBkYXRlIjoxODAwMDAwMDAwMDAwfX0=",
          "dependencies": [
            "azurerm_public_ip.myPublicIp",
            "azurerm_resource_group.rg",
            "azurerm_subnet.mySubnet",
            "azurerm_virtual_network.myNet"
          ]
        }
      ]
    },
    {
      "mode": "managed",
      "type": "azurerm_network_interface_security_group_association",
      "name": "mySecGroupAssociation",
      "provider": "provider[\"registry.terraform.io/hashicorp/azurerm\"]",
      "instances": [
        {
          "index_key": 0,
          "schema_version": 0,
          "attributes": {
            "id": "/subscriptions/71a0e8d6-4dbe-459d-8f26-ebd2c975dab5/resourceGroups/kubernetes_rg/providers/Microsoft.Network/networkInterfaces/nic-master|/subscriptions/71a0e8d6-4dbe-459d-8f26-ebd2c975dab5/resourceGroups/kubernetes_rg/providers/Microsoft.Network/networkSecurityGroups/sshtraffic",
            "network_interface_id": "/subscriptions/71a0e8d6-4dbe-459d-8f26-ebd2c975dab5/resourceGroups/kubernetes_rg/providers/Microsoft.Network/networkInterfaces/nic-master",
            "network_security_group_id": "/subscriptions/71a0e8d6-4dbe-459d-8f26-ebd2c975dab5/resourceGroups/kubernetes_rg/providers/Microsoft.Network/networkSecurityGroups/sshtraffic",
            "timeouts": null
          },
          "sensitive_attributes": [],
          "private": "eyJlMmJmYjczMC1lY2FhLTExZTYtOGY4OC0zNDM2M2JjN2M0YzAiOnsiY3JlYXRlIjoxODAwMDAwMDAwMDAwLCJkZWxldGUiOjE4MDAwMDAwMDAwMDAsInJlYWQiOjMwMDAwMDAwMDAwMCwidXBkYXRlIjoxODAwMDAwMDAwMDAwfX0=",
          "dependencies": [
            "azurerm_network_interface.myNic",
            "azurerm_network_security_group.mySecGroup",
            "azurerm_public_ip.myPublicIp",
            "azurerm_resource_group.rg",
            "azurerm_subnet.mySubnet",
            "azurerm_virtual_network.myNet"
          ]
        },
        {
          "index_key": 1,
          "schema_version": 0,
          "attributes": {
            "id": "/subscriptions/71a0e8d6-4dbe-459d-8f26-ebd2c975dab5/resourceGroups/kubernetes_rg/providers/Microsoft.Network/networkInterfaces/nic-worker01|/subscriptions/71a0e8d6-4dbe-459d-8f26-ebd2c975dab5/resourceGroups/kubernetes_rg/providers/Microsoft.Network/networkSecurityGroups/sshtraffic",
            "network_interface_id": "/subscriptions/71a0e8d6-4dbe-459d-8f26-ebd2c975dab5/resourceGroups/kubernetes_rg/providers/Microsoft.Network/networkInterfaces/nic-worker01",
            "network_security_group_id": "/subscriptions/71a0e8d6-4dbe-459d-8f26-ebd2c975dab5/resourceGroups/kubernetes_rg/providers/Microsoft.Network/networkSecurityGroups/sshtraffic",
            "timeouts": null
          },
          "sensitive_attributes": [],
          "private": "eyJlMmJmYjczMC1lY2FhLTExZTYtOGY4OC0zNDM2M2JjN2M0YzAiOnsiY3JlYXRlIjoxODAwMDAwMDAwMDAwLCJkZWxldGUiOjE4MDAwMDAwMDAwMDAsInJlYWQiOjMwMDAwMDAwMDAwMCwidXBkYXRlIjoxODAwMDAwMDAwMDAwfX0=",
          "dependencies": [
            "azurerm_network_interface.myNic",
            "azurerm_network_security_group.mySecGroup",
            "azurerm_public_ip.myPublicIp",
            "azurerm_resource_group.rg",
            "azurerm_subnet.mySubnet",
            "azurerm_virtual_network.myNet"
          ]
        },
        {
          "index_key": 2,
          "schema_version": 0,
          "attributes": {
            "id": "/subscriptions/71a0e8d6-4dbe-459d-8f26-ebd2c975dab5/resourceGroups/kubernetes_rg/providers/Microsoft.Network/networkInterfaces/nic-worker02|/subscriptions/71a0e8d6-4dbe-459d-8f26-ebd2c975dab5/resourceGroups/kubernetes_rg/providers/Microsoft.Network/networkSecurityGroups/sshtraffic",
            "network_interface_id": "/subscriptions/71a0e8d6-4dbe-459d-8f26-ebd2c975dab5/resourceGroups/kubernetes_rg/providers/Microsoft.Network/networkInterfaces/nic-worker02",
            "network_security_group_id": "/subscriptions/71a0e8d6-4dbe-459d-8f26-ebd2c975dab5/resourceGroups/kubernetes_rg/providers/Microsoft.Network/networkSecurityGroups/sshtraffic",
            "timeouts": null
          },
          "sensitive_attributes": [],
          "private": "eyJlMmJmYjczMC1lY2FhLTExZTYtOGY4OC0zNDM2M2JjN2M0YzAiOnsiY3JlYXRlIjoxODAwMDAwMDAwMDAwLCJkZWxldGUiOjE4MDAwMDAwMDAwMDAsInJlYWQiOjMwMDAwMDAwMDAwMCwidXBkYXRlIjoxODAwMDAwMDAwMDAwfX0=",
          "dependencies": [
            "azurerm_network_interface.myNic",
            "azurerm_network_security_group.mySecGroup",
            "azurerm_public_ip.myPublicIp",
            "azurerm_resource_group.rg",
            "azurerm_subnet.mySubnet",
            "azurerm_virtual_network.myNet"
          ]
        }
      ]
    },
    {
      "mode": "managed",
      "type": "azurerm_network_security_group",
      "name": "mySecGroup",
      "provider": "provider[\"registry.terraform.io/hashicorp/azurerm\"]",
      "instances": [
        {
          "schema_version": 0,
          "attributes": {
            "id": "/subscriptions/71a0e8d6-4dbe-459d-8f26-ebd2c975dab5/resourceGroups/kubernetes_rg/providers/Microsoft.Network/networkSecurityGroups/sshtraffic",
            "location": "westeurope",
            "name": "sshtraffic",
            "resource_group_name": "kubernetes_rg",
            "security_rule": [
              {
                "access": "Allow",
                "description": "",
                "destination_address_prefix": "*",
                "destination_address_prefixes": [],
                "destination_application_security_group_ids": [],
                "destination_port_range": "31818",
                "destination_port_ranges": [],
                "direction": "Inbound",
                "name": "HTTP",
                "priority": 1002,
                "protocol": "Tcp",
                "source_address_prefix": "*",
                "source_address_prefixes": [],
                "source_application_security_group_ids": [],
                "source_port_range": "*",
                "source_port_ranges": []
              },
              {
                "access": "Allow",
                "description": null,
                "destination_address_prefix": "*",
                "destination_address_prefixes": [],
                "destination_application_security_group_ids": [],
                "destination_port_range": "22",
                "destination_port_ranges": [],
                "direction": "Inbound",
                "name": "SSH",
                "priority": 1001,
                "protocol": "Tcp",
                "source_address_prefix": "*",
                "source_address_prefixes": [],
                "source_application_security_group_ids": [],
                "source_port_range": "*",
                "source_port_ranges": []
              }
            ],
            "tags": {
              "environment": "CP2"
            },
            "timeouts": null
          },
          "sensitive_attributes": [],
          "private": "eyJlMmJmYjczMC1lY2FhLTExZTYtOGY4OC0zNDM2M2JjN2M0YzAiOnsiY3JlYXRlIjoxODAwMDAwMDAwMDAwLCJkZWxldGUiOjE4MDAwMDAwMDAwMDAsInJlYWQiOjMwMDAwMDAwMDAwMCwidXBkYXRlIjoxODAwMDAwMDAwMDAwfX0=",
          "dependencies": [
            "azurerm_resource_group.rg"
          ]
        }
      ]
    },
    {
      "mode": "managed",
      "type": "azurerm_public_ip",
      "name": "myPublicIp",
      "provider": "provider[\"registry.terraform.io/hashicorp/azurerm\"]",
      "instances": [
        {
          "index_key": 0,
          "schema_version": 0,
          "attributes": {
            "allocation_method": "Dynamic",
            "domain_name_label": null,
            "fqdn": null,
            "id": "/subscriptions/71a0e8d6-4dbe-459d-8f26-ebd2c975dab5/resourceGroups/kubernetes_rg/providers/Microsoft.Network/publicIPAddresses/vmipmaster",
            "idle_timeout_in_minutes": 4,
            "ip_address": "20.126.75.159",
            "ip_version": "IPv4",
            "location": "westeurope",
            "name": "vmipmaster",
            "public_ip_prefix_id": null,
            "resource_group_name": "kubernetes_rg",
            "reverse_fqdn": null,
            "sku": "Basic",
            "tags": {
              "environment": "CP2"
            },
            "timeouts": null,
            "zones": []
          },
          "sensitive_attributes": [],
          "private": "eyJlMmJmYjczMC1lY2FhLTExZTYtOGY4OC0zNDM2M2JjN2M0YzAiOnsiY3JlYXRlIjoxODAwMDAwMDAwMDAwLCJkZWxldGUiOjE4MDAwMDAwMDAwMDAsInJlYWQiOjMwMDAwMDAwMDAwMCwidXBkYXRlIjoxODAwMDAwMDAwMDAwfX0=",
          "dependencies": [
            "azurerm_resource_group.rg"
          ]
        },
        {
          "index_key": 1,
          "schema_version": 0,
          "attributes": {
            "allocation_method": "Dynamic",
            "domain_name_label": null,
            "fqdn": null,
            "id": "/subscriptions/71a0e8d6-4dbe-459d-8f26-ebd2c975dab5/resourceGroups/kubernetes_rg/providers/Microsoft.Network/publicIPAddresses/vmipworker01",
            "idle_timeout_in_minutes": 4,
            "ip_address": "20.126.136.78",
            "ip_version": "IPv4",
            "location": "westeurope",
            "name": "vmipworker01",
            "public_ip_prefix_id": null,
            "resource_group_name": "kubernetes_rg",
            "reverse_fqdn": null,
            "sku": "Basic",
            "tags": {
              "environment": "CP2"
            },
            "timeouts": null,
            "zones": []
          },
          "sensitive_attributes": [],
          "private": "eyJlMmJmYjczMC1lY2FhLTExZTYtOGY4OC0zNDM2M2JjN2M0YzAiOnsiY3JlYXRlIjoxODAwMDAwMDAwMDAwLCJkZWxldGUiOjE4MDAwMDAwMDAwMDAsInJlYWQiOjMwMDAwMDAwMDAwMCwidXBkYXRlIjoxODAwMDAwMDAwMDAwfX0=",
          "dependencies": [
            "azurerm_resource_group.rg"
          ]
        },
        {
          "index_key": 2,
          "schema_version": 0,
          "attributes": {
            "allocation_method": "Dynamic",
            "domain_name_label": null,
            "fqdn": null,
            "id": "/subscriptions/71a0e8d6-4dbe-459d-8f26-ebd2c975dab5/resourceGroups/kubernetes_rg/providers/Microsoft.Network/publicIPAddresses/vmipworker02",
            "idle_timeout_in_minutes": 4,
            "ip_address": "20.126.8.84",
            "ip_version": "IPv4",
            "location": "westeurope",
            "name": "vmipworker02",
            "public_ip_prefix_id": null,
            "resource_group_name": "kubernetes_rg",
            "reverse_fqdn": null,
            "sku": "Basic",
            "tags": {
              "environment": "CP2"
            },
            "timeouts": null,
            "zones": []
          },
          "sensitive_attributes": [],
          "private": "eyJlMmJmYjczMC1lY2FhLTExZTYtOGY4OC0zNDM2M2JjN2M0YzAiOnsiY3JlYXRlIjoxODAwMDAwMDAwMDAwLCJkZWxldGUiOjE4MDAwMDAwMDAwMDAsInJlYWQiOjMwMDAwMDAwMDAwMCwidXBkYXRlIjoxODAwMDAwMDAwMDAwfX0=",
          "dependencies": [
            "azurerm_resource_group.rg"
          ]
        }
      ]
    },
    {
      "mode": "managed",
      "type": "azurerm_resource_group",
      "name": "rg",
      "provider": "provider[\"registry.terraform.io/hashicorp/azurerm\"]",
      "instances": [
        {
          "schema_version": 0,
          "attributes": {
            "id": "/subscriptions/71a0e8d6-4dbe-459d-8f26-ebd2c975dab5/resourceGroups/kubernetes_rg",
            "location": "westeurope",
            "name": "kubernetes_rg",
            "tags": {
              "environment": "CP2"
            },
            "timeouts": null
          },
          "sensitive_attributes": [],
          "private": "eyJlMmJmYjczMC1lY2FhLTExZTYtOGY4OC0zNDM2M2JjN2M0YzAiOnsiY3JlYXRlIjo1NDAwMDAwMDAwMDAwLCJkZWxldGUiOjU0MDAwMDAwMDAwMDAsInJlYWQiOjMwMDAwMDAwMDAwMCwidXBkYXRlIjo1NDAwMDAwMDAwMDAwfX0="
        }
      ]
    },
    {
      "mode": "managed",
      "type": "azurerm_storage_account",
      "name": "stAccount",
      "provider": "provider[\"registry.terraform.io/hashicorp/azurerm\"]",
      "instances": [
        {
          "index_key": 0,
          "schema_version": 2,
          "attributes": {
            "access_tier": "Hot",
            "account_kind": "StorageV2",
            "account_replication_type": "LRS",
            "account_tier": "Standard",
            "allow_blob_public_access": false,
            "blob_properties": [],
            "custom_domain": [],
            "enable_https_traffic_only": true,
            "id": "/subscriptions/71a0e8d6-4dbe-459d-8f26-ebd2c975dab5/resourceGroups/kubernetes_rg/providers/Microsoft.Storage/storageAccounts/staccountcp2master",
            "identity": [],
            "is_hns_enabled": false,
            "large_file_share_enabled": null,
            "location": "westeurope",
            "min_tls_version": "TLS1_0",
            "name": "staccountcp2master",
            "network_rules": [
              {
                "bypass": [
                  "AzureServices"
                ],
                "default_action": "Allow",
                "ip_rules": [],
                "virtual_network_subnet_ids": []
              }
            ],
            "primary_access_key": "AhPHqutHt6stf8mKkUU+UB18mpTQlkDzMQ6CMvYJyiaPCT/l1GAfJ8pr8XhnqJCP3bXyt35vhzLBUdWDyN0tsA==",
            "primary_blob_connection_string": "DefaultEndpointsProtocol=https;BlobEndpoint=https://staccountcp2master.blob.core.windows.net/;AccountName=staccountcp2master;AccountKey=AhPHqutHt6stf8mKkUU+UB18mpTQlkDzMQ6CMvYJyiaPCT/l1GAfJ8pr8XhnqJCP3bXyt35vhzLBUdWDyN0tsA==",
            "primary_blob_endpoint": "https://staccountcp2master.blob.core.windows.net/",
            "primary_blob_host": "staccountcp2master.blob.core.windows.net",
            "primary_connection_string": "DefaultEndpointsProtocol=https;AccountName=staccountcp2master;AccountKey=AhPHqutHt6stf8mKkUU+UB18mpTQlkDzMQ6CMvYJyiaPCT/l1GAfJ8pr8XhnqJCP3bXyt35vhzLBUdWDyN0tsA==;EndpointSuffix=core.windows.net",
            "primary_dfs_endpoint": "https://staccountcp2master.dfs.core.windows.net/",
            "primary_dfs_host": "staccountcp2master.dfs.core.windows.net",
            "primary_file_endpoint": "https://staccountcp2master.file.core.windows.net/",
            "primary_file_host": "staccountcp2master.file.core.windows.net",
            "primary_location": "westeurope",
            "primary_queue_endpoint": "https://staccountcp2master.queue.core.windows.net/",
            "primary_queue_host": "staccountcp2master.queue.core.windows.net",
            "primary_table_endpoint": "https://staccountcp2master.table.core.windows.net/",
            "primary_table_host": "staccountcp2master.table.core.windows.net",
            "primary_web_endpoint": "https://staccountcp2master.z6.web.core.windows.net/",
            "primary_web_host": "staccountcp2master.z6.web.core.windows.net",
            "queue_properties": [
              {
                "cors_rule": [],
                "hour_metrics": [
                  {
                    "enabled": true,
                    "include_apis": true,
                    "retention_policy_days": 7,
                    "version": "1.0"
                  }
                ],
                "logging": [
                  {
                    "delete": false,
                    "read": false,
                    "retention_policy_days": 0,
                    "version": "1.0",
                    "write": false
                  }
                ],
                "minute_metrics": [
                  {
                    "enabled": false,
                    "include_apis": false,
                    "retention_policy_days": 0,
                    "version": "1.0"
                  }
                ]
              }
            ],
            "resource_group_name": "kubernetes_rg",
            "secondary_access_key": "/jh0d1G0f/ccLVOo3mwqcUpYFmS0klcvsRBv2RT+AyTkEnsnOHsCt5KruyuGAyJiAcGFUabXmpnrMvW4POLV3w==",
            "secondary_blob_connection_string": "",
            "secondary_blob_endpoint": null,
            "secondary_blob_host": null,
            "secondary_connection_string": "DefaultEndpointsProtocol=https;AccountName=staccountcp2master;AccountKey=/jh0d1G0f/ccLVOo3mwqcUpYFmS0klcvsRBv2RT+AyTkEnsnOHsCt5KruyuGAyJiAcGFUabXmpnrMvW4POLV3w==;EndpointSuffix=core.windows.net",
            "secondary_dfs_endpoint": null,
            "secondary_dfs_host": null,
            "secondary_file_endpoint": null,
            "secondary_file_host": null,
            "secondary_location": "",
            "secondary_queue_endpoint": null,
            "secondary_queue_host": null,
            "secondary_table_endpoint": null,
            "secondary_table_host": null,
            "secondary_web_endpoint": null,
            "secondary_web_host": null,
            "static_website": [],
            "tags": {
              "environment": "CP2"
            },
            "timeouts": null
          },
          "sensitive_attributes": [],
          "private": "eyJlMmJmYjczMC1lY2FhLTExZTYtOGY4OC0zNDM2M2JjN2M0YzAiOnsiY3JlYXRlIjozNjAwMDAwMDAwMDAwLCJkZWxldGUiOjM2MDAwMDAwMDAwMDAsInJlYWQiOjMwMDAwMDAwMDAwMCwidXBkYXRlIjozNjAwMDAwMDAwMDAwfSwic2NoZW1hX3ZlcnNpb24iOiIyIn0=",
          "dependencies": [
            "azurerm_resource_group.rg"
          ]
        },
        {
          "index_key": 1,
          "schema_version": 2,
          "attributes": {
            "access_tier": "Hot",
            "account_kind": "StorageV2",
            "account_replication_type": "LRS",
            "account_tier": "Standard",
            "allow_blob_public_access": false,
            "blob_properties": [],
            "custom_domain": [],
            "enable_https_traffic_only": true,
            "id": "/subscriptions/71a0e8d6-4dbe-459d-8f26-ebd2c975dab5/resourceGroups/kubernetes_rg/providers/Microsoft.Storage/storageAccounts/staccountcp2worker01",
            "identity": [],
            "is_hns_enabled": false,
            "large_file_share_enabled": null,
            "location": "westeurope",
            "min_tls_version": "TLS1_0",
            "name": "staccountcp2worker01",
            "network_rules": [
              {
                "bypass": [
                  "AzureServices"
                ],
                "default_action": "Allow",
                "ip_rules": [],
                "virtual_network_subnet_ids": []
              }
            ],
            "primary_access_key": "e9DDOE5l7qr9/vMsp34tcRavtHnGaTkqRxGQktHyKnaquR8c0ET2Wk5p+fjOnHNC1xIY+ppJC6SFQGlMuU+nfg==",
            "primary_blob_connection_string": "DefaultEndpointsProtocol=https;BlobEndpoint=https://staccountcp2worker01.blob.core.windows.net/;AccountName=staccountcp2worker01;AccountKey=e9DDOE5l7qr9/vMsp34tcRavtHnGaTkqRxGQktHyKnaquR8c0ET2Wk5p+fjOnHNC1xIY+ppJC6SFQGlMuU+nfg==",
            "primary_blob_endpoint": "https://staccountcp2worker01.blob.core.windows.net/",
            "primary_blob_host": "staccountcp2worker01.blob.core.windows.net",
            "primary_connection_string": "DefaultEndpointsProtocol=https;AccountName=staccountcp2worker01;AccountKey=e9DDOE5l7qr9/vMsp34tcRavtHnGaTkqRxGQktHyKnaquR8c0ET2Wk5p+fjOnHNC1xIY+ppJC6SFQGlMuU+nfg==;EndpointSuffix=core.windows.net",
            "primary_dfs_endpoint": "https://staccountcp2worker01.dfs.core.windows.net/",
            "primary_dfs_host": "staccountcp2worker01.dfs.core.windows.net",
            "primary_file_endpoint": "https://staccountcp2worker01.file.core.windows.net/",
            "primary_file_host": "staccountcp2worker01.file.core.windows.net",
            "primary_location": "westeurope",
            "primary_queue_endpoint": "https://staccountcp2worker01.queue.core.windows.net/",
            "primary_queue_host": "staccountcp2worker01.queue.core.windows.net",
            "primary_table_endpoint": "https://staccountcp2worker01.table.core.windows.net/",
            "primary_table_host": "staccountcp2worker01.table.core.windows.net",
            "primary_web_endpoint": "https://staccountcp2worker01.z6.web.core.windows.net/",
            "primary_web_host": "staccountcp2worker01.z6.web.core.windows.net",
            "queue_properties": [
              {
                "cors_rule": [],
                "hour_metrics": [
                  {
                    "enabled": true,
                    "include_apis": true,
                    "retention_policy_days": 7,
                    "version": "1.0"
                  }
                ],
                "logging": [
                  {
                    "delete": false,
                    "read": false,
                    "retention_policy_days": 0,
                    "version": "1.0",
                    "write": false
                  }
                ],
                "minute_metrics": [
                  {
                    "enabled": false,
                    "include_apis": false,
                    "retention_policy_days": 0,
                    "version": "1.0"
                  }
                ]
              }
            ],
            "resource_group_name": "kubernetes_rg",
            "secondary_access_key": "KWjbu8rQ3nYRhefVMtny5+T6FvoJzjxqh0WciZeUDLJ48+Ne1bLAb5qrFm/4wHRMdgehmst3zUcJId/a5L195Q==",
            "secondary_blob_connection_string": "",
            "secondary_blob_endpoint": null,
            "secondary_blob_host": null,
            "secondary_connection_string": "DefaultEndpointsProtocol=https;AccountName=staccountcp2worker01;AccountKey=KWjbu8rQ3nYRhefVMtny5+T6FvoJzjxqh0WciZeUDLJ48+Ne1bLAb5qrFm/4wHRMdgehmst3zUcJId/a5L195Q==;EndpointSuffix=core.windows.net",
            "secondary_dfs_endpoint": null,
            "secondary_dfs_host": null,
            "secondary_file_endpoint": null,
            "secondary_file_host": null,
            "secondary_location": "",
            "secondary_queue_endpoint": null,
            "secondary_queue_host": null,
            "secondary_table_endpoint": null,
            "secondary_table_host": null,
            "secondary_web_endpoint": null,
            "secondary_web_host": null,
            "static_website": [],
            "tags": {
              "environment": "CP2"
            },
            "timeouts": null
          },
          "sensitive_attributes": [],
          "private": "eyJlMmJmYjczMC1lY2FhLTExZTYtOGY4OC0zNDM2M2JjN2M0YzAiOnsiY3JlYXRlIjozNjAwMDAwMDAwMDAwLCJkZWxldGUiOjM2MDAwMDAwMDAwMDAsInJlYWQiOjMwMDAwMDAwMDAwMCwidXBkYXRlIjozNjAwMDAwMDAwMDAwfSwic2NoZW1hX3ZlcnNpb24iOiIyIn0=",
          "dependencies": [
            "azurerm_resource_group.rg"
          ]
        },
        {
          "index_key": 2,
          "schema_version": 2,
          "attributes": {
            "access_tier": "Hot",
            "account_kind": "StorageV2",
            "account_replication_type": "LRS",
            "account_tier": "Standard",
            "allow_blob_public_access": false,
            "blob_properties": [],
            "custom_domain": [],
            "enable_https_traffic_only": true,
            "id": "/subscriptions/71a0e8d6-4dbe-459d-8f26-ebd2c975dab5/resourceGroups/kubernetes_rg/providers/Microsoft.Storage/storageAccounts/staccountcp2worker02",
            "identity": [],
            "is_hns_enabled": false,
            "large_file_share_enabled": null,
            "location": "westeurope",
            "min_tls_version": "TLS1_0",
            "name": "staccountcp2worker02",
            "network_rules": [
              {
                "bypass": [
                  "AzureServices"
                ],
                "default_action": "Allow",
                "ip_rules": [],
                "virtual_network_subnet_ids": []
              }
            ],
            "primary_access_key": "boZS5tKE5TEM+W2FW7RlZgiFRq9muhOnBTmdsGXhVxMcQm3guCRU1xDkPM68PuDVOjM6LZlKRXxD9aJSj7fUQg==",
            "primary_blob_connection_string": "DefaultEndpointsProtocol=https;BlobEndpoint=https://staccountcp2worker02.blob.core.windows.net/;AccountName=staccountcp2worker02;AccountKey=boZS5tKE5TEM+W2FW7RlZgiFRq9muhOnBTmdsGXhVxMcQm3guCRU1xDkPM68PuDVOjM6LZlKRXxD9aJSj7fUQg==",
            "primary_blob_endpoint": "https://staccountcp2worker02.blob.core.windows.net/",
            "primary_blob_host": "staccountcp2worker02.blob.core.windows.net",
            "primary_connection_string": "DefaultEndpointsProtocol=https;AccountName=staccountcp2worker02;AccountKey=boZS5tKE5TEM+W2FW7RlZgiFRq9muhOnBTmdsGXhVxMcQm3guCRU1xDkPM68PuDVOjM6LZlKRXxD9aJSj7fUQg==;EndpointSuffix=core.windows.net",
            "primary_dfs_endpoint": "https://staccountcp2worker02.dfs.core.windows.net/",
            "primary_dfs_host": "staccountcp2worker02.dfs.core.windows.net",
            "primary_file_endpoint": "https://staccountcp2worker02.file.core.windows.net/",
            "primary_file_host": "staccountcp2worker02.file.core.windows.net",
            "primary_location": "westeurope",
            "primary_queue_endpoint": "https://staccountcp2worker02.queue.core.windows.net/",
            "primary_queue_host": "staccountcp2worker02.queue.core.windows.net",
            "primary_table_endpoint": "https://staccountcp2worker02.table.core.windows.net/",
            "primary_table_host": "staccountcp2worker02.table.core.windows.net",
            "primary_web_endpoint": "https://staccountcp2worker02.z6.web.core.windows.net/",
            "primary_web_host": "staccountcp2worker02.z6.web.core.windows.net",
            "queue_properties": [
              {
                "cors_rule": [],
                "hour_metrics": [
                  {
                    "enabled": true,
                    "include_apis": true,
                    "retention_policy_days": 7,
                    "version": "1.0"
                  }
                ],
                "logging": [
                  {
                    "delete": false,
                    "read": false,
                    "retention_policy_days": 0,
                    "version": "1.0",
                    "write": false
                  }
                ],
                "minute_metrics": [
                  {
                    "enabled": false,
                    "include_apis": false,
                    "retention_policy_days": 0,
                    "version": "1.0"
                  }
                ]
              }
            ],
            "resource_group_name": "kubernetes_rg",
            "secondary_access_key": "fYhATaxDY4IZoXjjT7tAFpmTkOjTZvGNBrLKq8C1Qn8eS1dxAYYhRCFrfeFJbFShuY2xzP4OrF5+13dVJcArnA==",
            "secondary_blob_connection_string": "",
            "secondary_blob_endpoint": null,
            "secondary_blob_host": null,
            "secondary_connection_string": "DefaultEndpointsProtocol=https;AccountName=staccountcp2worker02;AccountKey=fYhATaxDY4IZoXjjT7tAFpmTkOjTZvGNBrLKq8C1Qn8eS1dxAYYhRCFrfeFJbFShuY2xzP4OrF5+13dVJcArnA==;EndpointSuffix=core.windows.net",
            "secondary_dfs_endpoint": null,
            "secondary_dfs_host": null,
            "secondary_file_endpoint": null,
            "secondary_file_host": null,
            "secondary_location": "",
            "secondary_queue_endpoint": null,
            "secondary_queue_host": null,
            "secondary_table_endpoint": null,
            "secondary_table_host": null,
            "secondary_web_endpoint": null,
            "secondary_web_host": null,
            "static_website": [],
            "tags": {
              "environment": "CP2"
            },
            "timeouts": null
          },
          "sensitive_attributes": [],
          "private": "eyJlMmJmYjczMC1lY2FhLTExZTYtOGY4OC0zNDM2M2JjN2M0YzAiOnsiY3JlYXRlIjozNjAwMDAwMDAwMDAwLCJkZWxldGUiOjM2MDAwMDAwMDAwMDAsInJlYWQiOjMwMDAwMDAwMDAwMCwidXBkYXRlIjozNjAwMDAwMDAwMDAwfSwic2NoZW1hX3ZlcnNpb24iOiIyIn0=",
          "dependencies": [
            "azurerm_resource_group.rg"
          ]
        }
      ]
    },
    {
      "mode": "managed",
      "type": "azurerm_subnet",
      "name": "mySubnet",
      "provider": "provider[\"registry.terraform.io/hashicorp/azurerm\"]",
      "instances": [
        {
          "schema_version": 0,
          "attributes": {
            "address_prefix": "10.0.1.0/24",
            "address_prefixes": [
              "10.0.1.0/24"
            ],
            "delegation": [],
            "enforce_private_link_endpoint_network_policies": false,
            "enforce_private_link_service_network_policies": false,
            "id": "/subscriptions/71a0e8d6-4dbe-459d-8f26-ebd2c975dab5/resourceGroups/kubernetes_rg/providers/Microsoft.Network/virtualNetworks/kubernetesnet/subnets/terraformsubnet",
            "name": "terraformsubnet",
            "resource_group_name": "kubernetes_rg",
            "service_endpoint_policy_ids": [],
            "service_endpoints": [],
            "timeouts": null,
            "virtual_network_name": "kubernetesnet"
          },
          "sensitive_attributes": [],
          "private": "eyJlMmJmYjczMC1lY2FhLTExZTYtOGY4OC0zNDM2M2JjN2M0YzAiOnsiY3JlYXRlIjoxODAwMDAwMDAwMDAwLCJkZWxldGUiOjE4MDAwMDAwMDAwMDAsInJlYWQiOjMwMDAwMDAwMDAwMCwidXBkYXRlIjoxODAwMDAwMDAwMDAwfX0=",
          "dependencies": [
            "azurerm_resource_group.rg",
            "azurerm_virtual_network.myNet"
          ]
        }
      ]
    },
    {
      "mode": "managed",
      "type": "azurerm_virtual_network",
      "name": "myNet",
      "provider": "provider[\"registry.terraform.io/hashicorp/azurerm\"]",
      "instances": [
        {
          "schema_version": 0,
          "attributes": {
            "address_space": [
              "10.0.0.0/16"
            ],
            "bgp_community": "",
            "ddos_protection_plan": [],
            "dns_servers": [],
            "guid": "b217ece4-dc0c-43a1-85e2-0cc75796d4d6",
            "id": "/subscriptions/71a0e8d6-4dbe-459d-8f26-ebd2c975dab5/resourceGroups/kubernetes_rg/providers/Microsoft.Network/virtualNetworks/kubernetesnet",
            "location": "westeurope",
            "name": "kubernetesnet",
            "resource_group_name": "kubernetes_rg",
            "subnet": [
              {
                "address_prefix": "10.0.1.0/24",
                "id": "/subscriptions/71a0e8d6-4dbe-459d-8f26-ebd2c975dab5/resourceGroups/kubernetes_rg/providers/Microsoft.Network/virtualNetworks/kubernetesnet/subnets/terraformsubnet",
                "name": "terraformsubnet",
                "security_group": ""
              }
            ],
            "tags": {
              "environment": "CP2"
            },
            "timeouts": null,
            "vm_protection_enabled": false
          },
          "sensitive_attributes": [],
          "private": "eyJlMmJmYjczMC1lY2FhLTExZTYtOGY4OC0zNDM2M2JjN2M0YzAiOnsiY3JlYXRlIjoxODAwMDAwMDAwMDAwLCJkZWxldGUiOjE4MDAwMDAwMDAwMDAsInJlYWQiOjMwMDAwMDAwMDAwMCwidXBkYXRlIjoxODAwMDAwMDAwMDAwfX0=",
          "dependencies": [
            "azurerm_resource_group.rg"
          ]
        }
      ]
    }
  ]
}
